// !$*UTF8*$!
{
	archiveVersion = 1;
	classes = {
	};
	objectVersion = 46;
	objects = {
/* Begin PBXBuildFile section */
		0207DA581B56EA530066E2B4 /* Images.xcassets in Resources */ = {isa = PBXBuildFile; fileRef = 0207DA571B56EA530066E2B4 /* Images.xcassets */; };
		0321175A3D0D4EE1BE253392 /* AlipaySDK.framework in Frameworks */ = {isa = PBXBuildFile; fileRef = 914FD301050A418E835B6356 /* AlipaySDK.framework */; };
		05276F056AD84CD89A7A1673 /* ImageIO.framework in Frameworks */ = {isa = PBXBuildFile; fileRef = F02CD3E08756441788D326A8 /* ImageIO.framework */; settings = {ATTRIBUTES = (Weak, ); }; };
		08D75F0533F44F73BF97E7AC /* CDVDevice.m in Sources */ = {isa = PBXBuildFile; fileRef = 6822638857EF4552932BDC81 /* CDVDevice.m */; };
		142CF7F034574CB7A838426A /* IONAssetHandler.m in Sources */ = {isa = PBXBuildFile; fileRef = A9A1CDDF757A43A9B9D7067E /* IONAssetHandler.m */; };
		1B236144AF5844198BAF99D7 /* CDVContacts.m in Sources */ = {isa = PBXBuildFile; fileRef = DD949D71D30D4235BE2F29C7 /* CDVContacts.m */; };
		1D3623260D0F684500981E51 /* AppDelegate.m in Sources */ = {isa = PBXBuildFile; fileRef = 1D3623250D0F684500981E51 /* AppDelegate.m */; };
		1D60589B0D05DD56006BFB54 /* main.m in Sources */ = {isa = PBXBuildFile; fileRef = 29B97316FDCFA39411CA2CEA /* main.m */; };
		2A087762DF294E079340686B /* UIImage+CropScaleOrientation.m in Sources */ = {isa = PBXBuildFile; fileRef = 3D30B435A0834EFAB00D5046 /* UIImage+CropScaleOrientation.m */; };
		2F28C269FB0E4DECB1AD2DF4 /* CDVIonicKeyboard.m in Sources */ = {isa = PBXBuildFile; fileRef = 35BF3E4551AE4426ADD332E9 /* CDVIonicKeyboard.m */; };
		301BF552109A68D80062928A /* libCordova.a in Frameworks */ = {isa = PBXBuildFile; fileRef = 301BF535109A57CC0062928A /* libCordova.a */; settings = {ATTRIBUTES = (Required, ); }; };
		302D95F114D2391D003F00A1 /* MainViewController.m in Sources */ = {isa = PBXBuildFile; fileRef = 302D95EF14D2391D003F00A1 /* MainViewController.m */; };
		302D95F214D2391D003F00A1 /* MainViewController.xib in Resources */ = {isa = PBXBuildFile; fileRef = 302D95F014D2391D003F00A1 /* MainViewController.xib */; };
		3F836A11712F498D96AFBA1A /* Security.framework in Frameworks */ = {isa = PBXBuildFile; fileRef = F8F877E1143D41F4902CAE48 /* Security.framework */; settings = {ATTRIBUTES = (Weak, ); }; };
		4ABF7847869A4ACEA6A9605A /* AddressBook.framework in Frameworks */ = {isa = PBXBuildFile; fileRef = EBDF645756D749EFBBE3FB52 /* AddressBook.framework */; settings = {ATTRIBUTES = (Weak, ); }; };
		5DE2EF85D0434B7180082A55 /* CDVContact.m in Sources */ = {isa = PBXBuildFile; fileRef = 58052F83C590465BA71353C2 /* CDVContact.m */; };
		6339030E496E484BB3620729 /* CDVSplashScreen.m in Sources */ = {isa = PBXBuildFile; fileRef = 156B83454BCA4AB79E91E24A /* CDVSplashScreen.m */; };
		6776272025354CF083017447 /* CDVLocation.m in Sources */ = {isa = PBXBuildFile; fileRef = A5062CCFAA5D4BAEA3D2DCE6 /* CDVLocation.m */; };
		6AFF5BF91D6E424B00AB3073 /* CDVLaunchScreen.storyboard in Resources */ = {isa = PBXBuildFile; fileRef = 6AFF5BF81D6E424B00AB3073 /* CDVLaunchScreen.storyboard */; };
		7794C3D0E9264DDE9BE50A3B /* AVFoundation.framework in Frameworks */ = {isa = PBXBuildFile; fileRef = 943155B2DA674377BC11C4EB /* AVFoundation.framework */; };
		7F29C84074F7472FAA401362 /* SystemConfiguration.framework in Frameworks */ = {isa = PBXBuildFile; fileRef = D1F6503E2A9B43BFB8345CBF /* SystemConfiguration.framework */; settings = {ATTRIBUTES = (Weak, ); }; };
		8AB6AC9693FA4D3A8D6DF3E8 /* alipay.m in Sources */ = {isa = PBXBuildFile; fileRef = 0B751D21FD0B4D7CBAF6883E /* alipay.m */; };
		93B2E8AA401F46888C9EFE3D /* CDVWKWebViewEngine.m in Sources */ = {isa = PBXBuildFile; fileRef = 876ECDB2234E4C808577A71B /* CDVWKWebViewEngine.m */; };
		940DBFF8E8DC4435977A82E6 /* AddressBookUI.framework in Frameworks */ = {isa = PBXBuildFile; fileRef = 32CE100B26AB4FCABB7D76AA /* AddressBookUI.framework */; settings = {ATTRIBUTES = (Weak, ); }; };
		9CE2132B5E6844C2B989AA26 /* CoreLocation.framework in Frameworks */ = {isa = PBXBuildFile; fileRef = 5D50D73E97204BF6A4256BF9 /* CoreLocation.framework */; };
		A9A7C4D061E3496A8DE39C21 /* startApp.m in Sources */ = {isa = PBXBuildFile; fileRef = AD86DF5ABDA34CB8ACB9F8E4 /* startApp.m */; };
		ACF226AD53B740C2ACA9E03D /* CDVWKProcessPoolFactory.m in Sources */ = {isa = PBXBuildFile; fileRef = 5CB978CC77AC4ABBAA6725F1 /* CDVWKProcessPoolFactory.m */; };
		AEE1D15023DF4EEABB51648D /* QRScanner.swift in Sources */ = {isa = PBXBuildFile; fileRef = 02E60611CEA74D519D46D07A /* QRScanner.swift */; };
		B7C92A60542F4D80BE294B80 /* CFNetwork.framework in Frameworks */ = {isa = PBXBuildFile; fileRef = 84E99BB419664513AE58A4A0 /* CFNetwork.framework */; };
		BD99FCB26BE84694A918E1F3 /* WebKit.framework in Frameworks */ = {isa = PBXBuildFile; fileRef = 666A23A71AA7443BA5872BA1 /* WebKit.framework */; settings = {ATTRIBUTES = (Weak, ); }; };
		C2A252D77F9845479E0BFA94 /* AlipaySDK.bundle in Resources */ = {isa = PBXBuildFile; fileRef = 3BB9C3FC6F994AA0B8A368DE /* AlipaySDK.bundle */; };
		C83D9D74B4504EC8970A53DB /* CDVWKWebViewUIDelegate.m in Sources */ = {isa = PBXBuildFile; fileRef = 3B0E69B31E91415EB69A48D3 /* CDVWKWebViewUIDelegate.m */; };
		CBBAE104578C45179691077D /* CoreMotion.framework in Frameworks */ = {isa = PBXBuildFile; fileRef = 944E627C079645F8A611BF8B /* CoreMotion.framework */; settings = {ATTRIBUTES = (Weak, ); }; };
		D1E4CDA0A62F4AA1B0071E92 /* libc++.tbd in Frameworks */ = {isa = PBXBuildFile; fileRef = 6EBC7054906742AA965A4541 /* libc++.tbd */; settings = {ATTRIBUTES = (Weak, ); }; };
		D355369A717546DE874869D7 /* CDVViewController+SplashScreen.m in Sources */ = {isa = PBXBuildFile; fileRef = 12EF7E0B784E4EF4ADC77AC3 /* CDVViewController+SplashScreen.m */; };
		D9B21918ED6E4B73B571AB30 /* CoreTelephony.framework in Frameworks */ = {isa = PBXBuildFile; fileRef = 5185AFD44AF54FCDA16C4EAC /* CoreTelephony.framework */; settings = {ATTRIBUTES = (Weak, ); }; };
		DD71C89F222C21B6001E1636 /* libz.tbd in Frameworks */ = {isa = PBXBuildFile; fileRef = DD71C89E222C21B6001E1636 /* libz.tbd */; };
		DD71C8A1222C21C8001E1636 /* UIKit.framework in Frameworks */ = {isa = PBXBuildFile; fileRef = DD71C8A0222C21C8001E1636 /* UIKit.framework */; };
		DD71C8A3222C21E2001E1636 /* Foundation.framework in Frameworks */ = {isa = PBXBuildFile; fileRef = DD71C8A2222C21E2001E1636 /* Foundation.framework */; };
		DD71C8A5222C21F5001E1636 /* CoreGraphics.framework in Frameworks */ = {isa = PBXBuildFile; fileRef = DD71C8A4222C21F5001E1636 /* CoreGraphics.framework */; };
		DD71C8A7222C2208001E1636 /* CoreText.framework in Frameworks */ = {isa = PBXBuildFile; fileRef = DD71C8A6222C2208001E1636 /* CoreText.framework */; };
		DD71C8A9222C222F001E1636 /* QuartzCore.framework in Frameworks */ = {isa = PBXBuildFile; fileRef = DD71C8A8222C222F001E1636 /* QuartzCore.framework */; };
		E2860222205043F990D7B14C /* CDVStatusBar.m in Sources */ = {isa = PBXBuildFile; fileRef = 8E7DAC34574C48649DAB3AA3 /* CDVStatusBar.m */; };
		F44FB6CE57D640858B60D641 /* CDVJpegHeaderWriter.m in Sources */ = {isa = PBXBuildFile; fileRef = 3A21303D31BF42C9B493D14C /* CDVJpegHeaderWriter.m */; };
		F45B2CDD17AA4FC2A16BF3CC /* CDVCamera.m in Sources */ = {isa = PBXBuildFile; fileRef = 7789BC52D02F4711B66A06D1 /* CDVCamera.m */; };
/* End PBXBuildFile section */

/* Begin PBXContainerItemProxy section */
		301BF534109A57CC0062928A /* PBXContainerItemProxy */ = {
			isa = PBXContainerItemProxy;
			containerPortal = 301BF52D109A57CC0062928A /* CordovaLib/CordovaLib.xcodeproj */;
			proxyType = 2;
			remoteGlobalIDString = D2AAC07E0554694100DB518D;
			remoteInfo = CordovaLib;
		};
		301BF550109A68C00062928A /* PBXContainerItemProxy */ = {
			isa = PBXContainerItemProxy;
			containerPortal = 301BF52D109A57CC0062928A /* CordovaLib/CordovaLib.xcodeproj */;
			proxyType = 1;
			remoteGlobalIDString = D2AAC07D0554694100DB518D;
			remoteInfo = CordovaLib;
		};
		907D8123214C687600058A10 /* PBXContainerItemProxy */ = {
			isa = PBXContainerItemProxy;
			containerPortal = 301BF52D109A57CC0062928A /* CordovaLib/CordovaLib.xcodeproj */;
			proxyType = 2;
			remoteGlobalIDString = C0C01EB21E3911D50056E6CB;
			remoteInfo = Cordova;
		};
/* End PBXContainerItemProxy section */

/* Begin PBXFileReference section */
		0207DA571B56EA530066E2B4 /* Images.xcassets */ = {isa = PBXFileReference; lastKnownFileType = folder.assetcatalog; name = Images.xcassets; path = "货运物联/Images.xcassets"; sourceTree = SOURCE_ROOT; };
		02E60611CEA74D519D46D07A /* QRScanner.swift */ = {isa = PBXFileReference; explicitFileType = undefined; fileEncoding = 4; includeInIndex = 0; lastKnownFileType = sourcecode.swift; name = QRScanner.swift; path = "cordova-plugin-qrscanner/QRScanner.swift"; sourceTree = "<group>"; };
		0B751D21FD0B4D7CBAF6883E /* alipay.m */ = {isa = PBXFileReference; explicitFileType = undefined; fileEncoding = 4; includeInIndex = 0; lastKnownFileType = sourcecode.c.objc; name = alipay.m; path = "cordova-plugin-alipay/alipay.m"; sourceTree = "<group>"; };
		11A1229D5634468880E10838 /* CDVCamera.h */ = {isa = PBXFileReference; explicitFileType = undefined; fileEncoding = 4; includeInIndex = 0; lastKnownFileType = sourcecode.c.h; name = CDVCamera.h; path = "cordova-plugin-camera/CDVCamera.h"; sourceTree = "<group>"; };
		12EF7E0B784E4EF4ADC77AC3 /* CDVViewController+SplashScreen.m */ = {isa = PBXFileReference; explicitFileType = undefined; fileEncoding = 4; includeInIndex = 0; lastKnownFileType = sourcecode.c.objc; name = "CDVViewController+SplashScreen.m"; path = "cordova-plugin-splashscreen/CDVViewController+SplashScreen.m"; sourceTree = "<group>"; };
		14ADA27739BE48768B1D6FEE /* CDVContact.h */ = {isa = PBXFileReference; explicitFileType = undefined; fileEncoding = 4; includeInIndex = 0; lastKnownFileType = sourcecode.c.h; name = CDVContact.h; path = "cordova-plugin-contacts/CDVContact.h"; sourceTree = "<group>"; };
		156B83454BCA4AB79E91E24A /* CDVSplashScreen.m */ = {isa = PBXFileReference; explicitFileType = undefined; fileEncoding = 4; includeInIndex = 0; lastKnownFileType = sourcecode.c.objc; name = CDVSplashScreen.m; path = "cordova-plugin-splashscreen/CDVSplashScreen.m"; sourceTree = "<group>"; };
		1D3623240D0F684500981E51 /* AppDelegate.h */ = {isa = PBXFileReference; fileEncoding = 4; lastKnownFileType = sourcecode.c.h; path = AppDelegate.h; sourceTree = "<group>"; };
		1D3623250D0F684500981E51 /* AppDelegate.m */ = {isa = PBXFileReference; fileEncoding = 4; lastKnownFileType = sourcecode.c.objc; path = AppDelegate.m; sourceTree = "<group>"; };
		1D6058910D05DD3D006BFB54 /* 货运物联.app */ = {isa = PBXFileReference; explicitFileType = wrapper.application; includeInIndex = 0; path = "货运物联.app"; sourceTree = BUILT_PRODUCTS_DIR; };
		239080AF1A4244E8835B8895 /* CDVViewController+SplashScreen.h */ = {isa = PBXFileReference; explicitFileType = undefined; fileEncoding = 4; includeInIndex = 0; lastKnownFileType = sourcecode.c.h; name = "CDVViewController+SplashScreen.h"; path = "cordova-plugin-splashscreen/CDVViewController+SplashScreen.h"; sourceTree = "<group>"; };
		2951C2D9B7C0495C83EEE988 /* CDVWKProcessPoolFactory.h */ = {isa = PBXFileReference; explicitFileType = undefined; fileEncoding = 4; includeInIndex = 0; lastKnownFileType = sourcecode.c.h; name = CDVWKProcessPoolFactory.h; path = "cordova-plugin-ionic-webview/CDVWKProcessPoolFactory.h"; sourceTree = "<group>"; };
		29B97316FDCFA39411CA2CEA /* main.m */ = {isa = PBXFileReference; fileEncoding = 4; lastKnownFileType = sourcecode.c.objc; path = main.m; sourceTree = "<group>"; };
		301BF52D109A57CC0062928A /* CordovaLib/CordovaLib.xcodeproj */ = {isa = PBXFileReference; lastKnownFileType = "wrapper.pb-project"; path = CordovaLib/CordovaLib.xcodeproj; sourceTree = "<group>"; };
		301BF56E109A69640062928A /* www */ = {isa = PBXFileReference; lastKnownFileType = folder; path = www; sourceTree = SOURCE_ROOT; };
		302D95EE14D2391D003F00A1 /* MainViewController.h */ = {isa = PBXFileReference; fileEncoding = 4; lastKnownFileType = sourcecode.c.h; path = MainViewController.h; sourceTree = "<group>"; };
		302D95EF14D2391D003F00A1 /* MainViewController.m */ = {isa = PBXFileReference; fileEncoding = 4; lastKnownFileType = sourcecode.c.objc; path = MainViewController.m; sourceTree = "<group>"; };
		302D95F014D2391D003F00A1 /* MainViewController.xib */ = {isa = PBXFileReference; fileEncoding = 4; lastKnownFileType = file.xib; path = MainViewController.xib; sourceTree = "<group>"; };
		3047A50F1AB8059700498E2A /* build-debug.xcconfig */ = {isa = PBXFileReference; fileEncoding = 4; lastKnownFileType = text.xcconfig; name = "build-debug.xcconfig"; path = "cordova/build-debug.xcconfig"; sourceTree = SOURCE_ROOT; };
		3047A5101AB8059700498E2A /* build-release.xcconfig */ = {isa = PBXFileReference; fileEncoding = 4; lastKnownFileType = text.xcconfig; name = "build-release.xcconfig"; path = "cordova/build-release.xcconfig"; sourceTree = SOURCE_ROOT; };
		3047A5111AB8059700498E2A /* build.xcconfig */ = {isa = PBXFileReference; fileEncoding = 4; lastKnownFileType = text.xcconfig; name = build.xcconfig; path = cordova/build.xcconfig; sourceTree = SOURCE_ROOT; };
		312182A1D3A34F8D954697CF /* CDVWKWebViewEngine.h */ = {isa = PBXFileReference; explicitFileType = undefined; fileEncoding = 4; includeInIndex = 0; lastKnownFileType = sourcecode.c.h; name = CDVWKWebViewEngine.h; path = "cordova-plugin-ionic-webview/CDVWKWebViewEngine.h"; sourceTree = "<group>"; };
		32CA4F630368D1EE00C91783 /* 货运物联-Prefix.pch */ = {isa = PBXFileReference; fileEncoding = 4; lastKnownFileType = sourcecode.c.h; path = "货运物联-Prefix.pch"; sourceTree = "<group>"; };
		32CE100B26AB4FCABB7D76AA /* AddressBookUI.framework */ = {isa = PBXFileReference; explicitFileType = undefined; fileEncoding = 9; includeInIndex = 0; lastKnownFileType = wrapper.framework; name = AddressBookUI.framework; path = System/Library/Frameworks/AddressBookUI.framework; sourceTree = SDKROOT; };
		35A1B1FFE69A48BE898D35FC /* CDVWKWebViewUIDelegate.h */ = {isa = PBXFileReference; explicitFileType = undefined; fileEncoding = 4; includeInIndex = 0; lastKnownFileType = sourcecode.c.h; name = CDVWKWebViewUIDelegate.h; path = "cordova-plugin-ionic-webview/CDVWKWebViewUIDelegate.h"; sourceTree = "<group>"; };
		35BF3E4551AE4426ADD332E9 /* CDVIonicKeyboard.m */ = {isa = PBXFileReference; explicitFileType = undefined; fileEncoding = 4; includeInIndex = 0; lastKnownFileType = sourcecode.c.objc; name = CDVIonicKeyboard.m; path = "cordova-plugin-ionic-keyboard/CDVIonicKeyboard.m"; sourceTree = "<group>"; };
		38F35F4A9F5F49DA81DA94DB /* CDVLocation.h */ = {isa = PBXFileReference; explicitFileType = undefined; fileEncoding = 4; includeInIndex = 0; lastKnownFileType = sourcecode.c.h; name = CDVLocation.h; path = "cordova-plugin-geolocation/CDVLocation.h"; sourceTree = "<group>"; };
		3A21303D31BF42C9B493D14C /* CDVJpegHeaderWriter.m */ = {isa = PBXFileReference; explicitFileType = undefined; fileEncoding = 4; includeInIndex = 0; lastKnownFileType = sourcecode.c.objc; name = CDVJpegHeaderWriter.m; path = "cordova-plugin-camera/CDVJpegHeaderWriter.m"; sourceTree = "<group>"; };
		3B0E69B31E91415EB69A48D3 /* CDVWKWebViewUIDelegate.m */ = {isa = PBXFileReference; explicitFileType = undefined; fileEncoding = 4; includeInIndex = 0; lastKnownFileType = sourcecode.c.objc; name = CDVWKWebViewUIDelegate.m; path = "cordova-plugin-ionic-webview/CDVWKWebViewUIDelegate.m"; sourceTree = "<group>"; };
		3BB9C3FC6F994AA0B8A368DE /* AlipaySDK.bundle */ = {isa = PBXFileReference; explicitFileType = undefined; fileEncoding = 9; includeInIndex = 0; lastKnownFileType = "wrapper.plug-in"; path = AlipaySDK.bundle; sourceTree = "<group>"; };
		3D30B435A0834EFAB00D5046 /* UIImage+CropScaleOrientation.m */ = {isa = PBXFileReference; explicitFileType = undefined; fileEncoding = 4; includeInIndex = 0; lastKnownFileType = sourcecode.c.objc; name = "UIImage+CropScaleOrientation.m"; path = "cordova-plugin-camera/UIImage+CropScaleOrientation.m"; sourceTree = "<group>"; };
		4A688D9F60C74DC598A6C1AE /* startApp.h */ = {isa = PBXFileReference; explicitFileType = undefined; fileEncoding = 4; includeInIndex = 0; lastKnownFileType = sourcecode.c.h; name = startApp.h; path = com.lampa.startapp/startApp.h; sourceTree = "<group>"; };
		5185AFD44AF54FCDA16C4EAC /* CoreTelephony.framework */ = {isa = PBXFileReference; explicitFileType = undefined; fileEncoding = 9; includeInIndex = 0; lastKnownFileType = wrapper.framework; name = CoreTelephony.framework; path = System/Library/Frameworks/CoreTelephony.framework; sourceTree = SDKROOT; };
		58052F83C590465BA71353C2 /* CDVContact.m */ = {isa = PBXFileReference; explicitFileType = undefined; fileEncoding = 4; includeInIndex = 0; lastKnownFileType = sourcecode.c.objc; name = CDVContact.m; path = "cordova-plugin-contacts/CDVContact.m"; sourceTree = "<group>"; };
		5CB978CC77AC4ABBAA6725F1 /* CDVWKProcessPoolFactory.m */ = {isa = PBXFileReference; explicitFileType = undefined; fileEncoding = 4; includeInIndex = 0; lastKnownFileType = sourcecode.c.objc; name = CDVWKProcessPoolFactory.m; path = "cordova-plugin-ionic-webview/CDVWKProcessPoolFactory.m"; sourceTree = "<group>"; };
		5D50D73E97204BF6A4256BF9 /* CoreLocation.framework */ = {isa = PBXFileReference; explicitFileType = undefined; fileEncoding = 9; includeInIndex = 0; lastKnownFileType = wrapper.framework; name = CoreLocation.framework; path = System/Library/Frameworks/CoreLocation.framework; sourceTree = SDKROOT; };
		63CFE514245E44E78BCEA870 /* CDVSplashScreen.h */ = {isa = PBXFileReference; explicitFileType = undefined; fileEncoding = 4; includeInIndex = 0; lastKnownFileType = sourcecode.c.h; name = CDVSplashScreen.h; path = "cordova-plugin-splashscreen/CDVSplashScreen.h"; sourceTree = "<group>"; };
		64EE06CE9DBB4587B378BD93 /* CDVDevice.h */ = {isa = PBXFileReference; explicitFileType = undefined; fileEncoding = 4; includeInIndex = 0; lastKnownFileType = sourcecode.c.h; name = CDVDevice.h; path = "cordova-plugin-device/CDVDevice.h"; sourceTree = "<group>"; };
		666A23A71AA7443BA5872BA1 /* WebKit.framework */ = {isa = PBXFileReference; explicitFileType = undefined; fileEncoding = 9; includeInIndex = 0; lastKnownFileType = wrapper.framework; name = WebKit.framework; path = System/Library/Frameworks/WebKit.framework; sourceTree = SDKROOT; };
		6822638857EF4552932BDC81 /* CDVDevice.m */ = {isa = PBXFileReference; explicitFileType = undefined; fileEncoding = 4; includeInIndex = 0; lastKnownFileType = sourcecode.c.objc; name = CDVDevice.m; path = "cordova-plugin-device/CDVDevice.m"; sourceTree = "<group>"; };
		6AFF5BF81D6E424B00AB3073 /* CDVLaunchScreen.storyboard */ = {isa = PBXFileReference; fileEncoding = 4; lastKnownFileType = file.storyboard; name = CDVLaunchScreen.storyboard; path = "货运物联/CDVLaunchScreen.storyboard"; sourceTree = SOURCE_ROOT; };
		6EBC7054906742AA965A4541 /* libc++.tbd */ = {isa = PBXFileReference; explicitFileType = undefined; fileEncoding = 9; includeInIndex = 0; lastKnownFileType = "sourcecode.text-based-dylib-definition"; name = "libc++.tbd"; path = "usr/lib/libc++.tbd"; sourceTree = SDKROOT; };
		7789BC52D02F4711B66A06D1 /* CDVCamera.m */ = {isa = PBXFileReference; explicitFileType = undefined; fileEncoding = 4; includeInIndex = 0; lastKnownFileType = sourcecode.c.objc; name = CDVCamera.m; path = "cordova-plugin-camera/CDVCamera.m"; sourceTree = "<group>"; };
		7E65B60E913A45AE9F306109 /* CDVContacts.h */ = {isa = PBXFileReference; explicitFileType = undefined; fileEncoding = 4; includeInIndex = 0; lastKnownFileType = sourcecode.c.h; name = CDVContacts.h; path = "cordova-plugin-contacts/CDVContacts.h"; sourceTree = "<group>"; };
		84E99BB419664513AE58A4A0 /* CFNetwork.framework */ = {isa = PBXFileReference; explicitFileType = undefined; fileEncoding = 9; includeInIndex = 0; lastKnownFileType = wrapper.framework; name = CFNetwork.framework; path = System/Library/Frameworks/CFNetwork.framework; sourceTree = SDKROOT; };
		876ECDB2234E4C808577A71B /* CDVWKWebViewEngine.m */ = {isa = PBXFileReference; explicitFileType = undefined; fileEncoding = 4; includeInIndex = 0; lastKnownFileType = sourcecode.c.objc; name = CDVWKWebViewEngine.m; path = "cordova-plugin-ionic-webview/CDVWKWebViewEngine.m"; sourceTree = "<group>"; };
		8A837ED4206147A9B6B83721 /* CDVExif.h */ = {isa = PBXFileReference; explicitFileType = undefined; fileEncoding = 4; includeInIndex = 0; lastKnownFileType = sourcecode.c.h; name = CDVExif.h; path = "cordova-plugin-camera/CDVExif.h"; sourceTree = "<group>"; };
		8D1107310486CEB800E47090 /* 货运物联-Info.plist */ = {isa = PBXFileReference; fileEncoding = 4; lastKnownFileType = text.plist.xml; name = "货运物联-Info.plist"; path = "货运物联/货运物联-Info.plist"; plistStructureDefinitionIdentifier = "com.apple.xcode.plist.structure-definition.iphone.info-plist"; sourceTree = SOURCE_ROOT; };
		8E7DAC34574C48649DAB3AA3 /* CDVStatusBar.m */ = {isa = PBXFileReference; explicitFileType = undefined; fileEncoding = 4; includeInIndex = 0; lastKnownFileType = sourcecode.c.objc; name = CDVStatusBar.m; path = "cordova-plugin-statusbar/CDVStatusBar.m"; sourceTree = "<group>"; };
		8EE1198CB61C4E519CA99727 /* CDVIonicKeyboard.h */ = {isa = PBXFileReference; explicitFileType = undefined; fileEncoding = 4; includeInIndex = 0; lastKnownFileType = sourcecode.c.h; name = CDVIonicKeyboard.h; path = "cordova-plugin-ionic-keyboard/CDVIonicKeyboard.h"; sourceTree = "<group>"; };
		8F1775C5B6D64C6D9D15F08B /* CDVJpegHeaderWriter.h */ = {isa = PBXFileReference; explicitFileType = undefined; fileEncoding = 4; includeInIndex = 0; lastKnownFileType = sourcecode.c.h; name = CDVJpegHeaderWriter.h; path = "cordova-plugin-camera/CDVJpegHeaderWriter.h"; sourceTree = "<group>"; };
		914FD301050A418E835B6356 /* AlipaySDK.framework */ = {isa = PBXFileReference; explicitFileType = undefined; fileEncoding = 9; includeInIndex = 0; lastKnownFileType = wrapper.framework; name = AlipaySDK.framework; path = "货运物联/Plugins/cordova-plugin-alipay/AlipaySDK.framework"; sourceTree = "<group>"; };
		943155B2DA674377BC11C4EB /* AVFoundation.framework */ = {isa = PBXFileReference; explicitFileType = undefined; fileEncoding = 9; includeInIndex = 0; lastKnownFileType = wrapper.framework; name = AVFoundation.framework; path = System/Library/Frameworks/AVFoundation.framework; sourceTree = SDKROOT; };
		944E627C079645F8A611BF8B /* CoreMotion.framework */ = {isa = PBXFileReference; explicitFileType = undefined; fileEncoding = 9; includeInIndex = 0; lastKnownFileType = wrapper.framework; name = CoreMotion.framework; path = System/Library/Frameworks/CoreMotion.framework; sourceTree = SDKROOT; };
		A5062CCFAA5D4BAEA3D2DCE6 /* CDVLocation.m */ = {isa = PBXFileReference; explicitFileType = undefined; fileEncoding = 4; includeInIndex = 0; lastKnownFileType = sourcecode.c.objc; name = CDVLocation.m; path = "cordova-plugin-geolocation/CDVLocation.m"; sourceTree = "<group>"; };
		A9A1CDDF757A43A9B9D7067E /* IONAssetHandler.m */ = {isa = PBXFileReference; explicitFileType = undefined; fileEncoding = 4; includeInIndex = 0; lastKnownFileType = sourcecode.c.objc; name = IONAssetHandler.m; path = "cordova-plugin-ionic-webview/IONAssetHandler.m"; sourceTree = "<group>"; };
		AD86DF5ABDA34CB8ACB9F8E4 /* startApp.m */ = {isa = PBXFileReference; explicitFileType = undefined; fileEncoding = 4; includeInIndex = 0; lastKnownFileType = sourcecode.c.objc; name = startApp.m; path = com.lampa.startapp/startApp.m; sourceTree = "<group>"; };
		D1F6503E2A9B43BFB8345CBF /* SystemConfiguration.framework */ = {isa = PBXFileReference; explicitFileType = undefined; fileEncoding = 9; includeInIndex = 0; lastKnownFileType = wrapper.framework; name = SystemConfiguration.framework; path = System/Library/Frameworks/SystemConfiguration.framework; sourceTree = SDKROOT; };
		DD71C89E222C21B6001E1636 /* libz.tbd */ = {isa = PBXFileReference; lastKnownFileType = "sourcecode.text-based-dylib-definition"; name = libz.tbd; path = usr/lib/libz.tbd; sourceTree = SDKROOT; };
		DD71C8A0222C21C8001E1636 /* UIKit.framework */ = {isa = PBXFileReference; lastKnownFileType = wrapper.framework; name = UIKit.framework; path = System/Library/Frameworks/UIKit.framework; sourceTree = SDKROOT; };
		DD71C8A2222C21E2001E1636 /* Foundation.framework */ = {isa = PBXFileReference; lastKnownFileType = wrapper.framework; name = Foundation.framework; path = System/Library/Frameworks/Foundation.framework; sourceTree = SDKROOT; };
		DD71C8A4222C21F5001E1636 /* CoreGraphics.framework */ = {isa = PBXFileReference; lastKnownFileType = wrapper.framework; name = CoreGraphics.framework; path = System/Library/Frameworks/CoreGraphics.framework; sourceTree = SDKROOT; };
		DD71C8A6222C2208001E1636 /* CoreText.framework */ = {isa = PBXFileReference; lastKnownFileType = wrapper.framework; name = CoreText.framework; path = System/Library/Frameworks/CoreText.framework; sourceTree = SDKROOT; };
		DD71C8A8222C222F001E1636 /* QuartzCore.framework */ = {isa = PBXFileReference; lastKnownFileType = wrapper.framework; name = QuartzCore.framework; path = System/Library/Frameworks/QuartzCore.framework; sourceTree = SDKROOT; };
		DD949D71D30D4235BE2F29C7 /* CDVContacts.m */ = {isa = PBXFileReference; explicitFileType = undefined; fileEncoding = 4; includeInIndex = 0; lastKnownFileType = sourcecode.c.objc; name = CDVContacts.m; path = "cordova-plugin-contacts/CDVContacts.m"; sourceTree = "<group>"; };
		E4D5727ED7AC476FBC886765 /* IONAssetHandler.h */ = {isa = PBXFileReference; explicitFileType = undefined; fileEncoding = 4; includeInIndex = 0; lastKnownFileType = sourcecode.c.h; name = IONAssetHandler.h; path = "cordova-plugin-ionic-webview/IONAssetHandler.h"; sourceTree = "<group>"; };
		EB87FDF31871DA8E0020F90C /* www */ = {isa = PBXFileReference; lastKnownFileType = folder; name = www; path = ../../www; sourceTree = "<group>"; };
		EB87FDF41871DAF40020F90C /* config.xml */ = {isa = PBXFileReference; lastKnownFileType = text.xml; name = config.xml; path = ../../config.xml; sourceTree = "<group>"; };
		EBDF645756D749EFBBE3FB52 /* AddressBook.framework */ = {isa = PBXFileReference; explicitFileType = undefined; fileEncoding = 9; includeInIndex = 0; lastKnownFileType = wrapper.framework; name = AddressBook.framework; path = System/Library/Frameworks/AddressBook.framework; sourceTree = SDKROOT; };
		ED33DF2A687741AEAF9F8254 /* Bridging-Header.h */ = {isa = PBXFileReference; fileEncoding = 4; lastKnownFileType = sourcecode.c.h; path = "Bridging-Header.h"; sourceTree = "<group>"; };
		F02CD3E08756441788D326A8 /* ImageIO.framework */ = {isa = PBXFileReference; explicitFileType = undefined; fileEncoding = 9; includeInIndex = 0; lastKnownFileType = wrapper.framework; name = ImageIO.framework; path = System/Library/Frameworks/ImageIO.framework; sourceTree = SDKROOT; };
		F1A4A03CF86048769F264430 /* UIImage+CropScaleOrientation.h */ = {isa = PBXFileReference; explicitFileType = undefined; fileEncoding = 4; includeInIndex = 0; lastKnownFileType = sourcecode.c.h; name = "UIImage+CropScaleOrientation.h"; path = "cordova-plugin-camera/UIImage+CropScaleOrientation.h"; sourceTree = "<group>"; };
		F7F049459EA54C149807E452 /* CDVStatusBar.h */ = {isa = PBXFileReference; explicitFileType = undefined; fileEncoding = 4; includeInIndex = 0; lastKnownFileType = sourcecode.c.h; name = CDVStatusBar.h; path = "cordova-plugin-statusbar/CDVStatusBar.h"; sourceTree = "<group>"; };
		F840E1F0165FE0F500CFE078 /* config.xml */ = {isa = PBXFileReference; lastKnownFileType = text.xml; name = config.xml; path = "货运物联/config.xml"; sourceTree = "<group>"; };
		F8F877E1143D41F4902CAE48 /* Security.framework */ = {isa = PBXFileReference; explicitFileType = undefined; fileEncoding = 9; includeInIndex = 0; lastKnownFileType = wrapper.framework; name = Security.framework; path = System/Library/Frameworks/Security.framework; sourceTree = SDKROOT; };
/* End PBXFileReference section */

/* Begin PBXFrameworksBuildPhase section */
		1D60588F0D05DD3D006BFB54 /* Frameworks */ = {
			isa = PBXFrameworksBuildPhase;
			buildActionMask = 2147483647;
			files = (
				DD71C8A9222C222F001E1636 /* QuartzCore.framework in Frameworks */,
				B7C92A60542F4D80BE294B80 /* CFNetwork.framework in Frameworks */,
				DD71C8A7222C2208001E1636 /* CoreText.framework in Frameworks */,
				DD71C8A5222C21F5001E1636 /* CoreGraphics.framework in Frameworks */,
				DD71C8A3222C21E2001E1636 /* Foundation.framework in Frameworks */,
				DD71C8A1222C21C8001E1636 /* UIKit.framework in Frameworks */,
				DD71C89F222C21B6001E1636 /* libz.tbd in Frameworks */,
				301BF552109A68D80062928A /* libCordova.a in Frameworks */,
				D9B21918ED6E4B73B571AB30 /* CoreTelephony.framework in Frameworks */,
				3F836A11712F498D96AFBA1A /* Security.framework in Frameworks */,
				7F29C84074F7472FAA401362 /* SystemConfiguration.framework in Frameworks */,
				CBBAE104578C45179691077D /* CoreMotion.framework in Frameworks */,
				D1E4CDA0A62F4AA1B0071E92 /* libc++.tbd in Frameworks */,
				0321175A3D0D4EE1BE253392 /* AlipaySDK.framework in Frameworks */,
				05276F056AD84CD89A7A1673 /* ImageIO.framework in Frameworks */,
				9CE2132B5E6844C2B989AA26 /* CoreLocation.framework in Frameworks */,
				7794C3D0E9264DDE9BE50A3B /* AVFoundation.framework in Frameworks */,
				4ABF7847869A4ACEA6A9605A /* AddressBook.framework in Frameworks */,
				940DBFF8E8DC4435977A82E6 /* AddressBookUI.framework in Frameworks */,
				BD99FCB26BE84694A918E1F3 /* WebKit.framework in Frameworks */,
			);
			runOnlyForDeploymentPostprocessing = 0;
		};
/* End PBXFrameworksBuildPhase section */

/* Begin PBXGroup section */
		080E96DDFE201D6D7F000001 /* Classes */ = {
			isa = PBXGroup;
			children = (
				302D95EE14D2391D003F00A1 /* MainViewController.h */,
				302D95EF14D2391D003F00A1 /* MainViewController.m */,
				302D95F014D2391D003F00A1 /* MainViewController.xib */,
				1D3623240D0F684500981E51 /* AppDelegate.h */,
				1D3623250D0F684500981E51 /* AppDelegate.m */,
			);
			name = Classes;
			path = "货运物联/Classes";
			sourceTree = SOURCE_ROOT;
		};
		19C28FACFE9D520D11CA2CBB /* Products */ = {
			isa = PBXGroup;
			children = (
				1D6058910D05DD3D006BFB54 /* 货运物联.app */,
			);
			name = Products;
			sourceTree = "<group>";
		};
		29B97314FDCFA39411CA2CEA /* CustomTemplate */ = {
			isa = PBXGroup;
			children = (
				EB87FDF41871DAF40020F90C /* config.xml */,
				EB87FDF31871DA8E0020F90C /* www */,
				EB87FDF11871DA420020F90C /* Staging */,
				301BF52D109A57CC0062928A /* CordovaLib/CordovaLib.xcodeproj */,
				080E96DDFE201D6D7F000001 /* Classes */,
				307C750510C5A3420062BCA9 /* Plugins */,
				29B97315FDCFA39411CA2CEA /* Other Sources */,
				29B97317FDCFA39411CA2CEA /* Resources */,
				29B97323FDCFA39411CA2CEA /* Frameworks */,
				19C28FACFE9D520D11CA2CBB /* Products */,
			);
			name = CustomTemplate;
			sourceTree = "<group>";
		};
		29B97315FDCFA39411CA2CEA /* Other Sources */ = {
			isa = PBXGroup;
			children = (
				32CA4F630368D1EE00C91783 /* 货运物联-Prefix.pch */,
				29B97316FDCFA39411CA2CEA /* main.m */,
				ED33DF2A687741AEAF9F8254 /* Bridging-Header.h */,
			);
			name = "Other Sources";
			path = "货运物联";
			sourceTree = "<group>";
		};
		29B97317FDCFA39411CA2CEA /* Resources */ = {
			isa = PBXGroup;
			children = (
				0207DA571B56EA530066E2B4 /* Images.xcassets */,
				3047A50E1AB8057F00498E2A /* config */,
				8D1107310486CEB800E47090 /* 货运物联-Info.plist */,
				6AFF5BF81D6E424B00AB3073 /* CDVLaunchScreen.storyboard */,
				3BB9C3FC6F994AA0B8A368DE /* AlipaySDK.bundle */,
			);
			name = Resources;
			path = "货运物联/Resources";
			sourceTree = "<group>";
		};
		29B97323FDCFA39411CA2CEA /* Frameworks */ = {
			isa = PBXGroup;
			children = (
				DD71C8A8222C222F001E1636 /* QuartzCore.framework */,
				DD71C8A6222C2208001E1636 /* CoreText.framework */,
				DD71C8A4222C21F5001E1636 /* CoreGraphics.framework */,
				DD71C8A2222C21E2001E1636 /* Foundation.framework */,
				DD71C8A0222C21C8001E1636 /* UIKit.framework */,
				DD71C89E222C21B6001E1636 /* libz.tbd */,
				5185AFD44AF54FCDA16C4EAC /* CoreTelephony.framework */,
				F8F877E1143D41F4902CAE48 /* Security.framework */,
				D1F6503E2A9B43BFB8345CBF /* SystemConfiguration.framework */,
				944E627C079645F8A611BF8B /* CoreMotion.framework */,
				84E99BB419664513AE58A4A0 /* CFNetwork.framework */,
				6EBC7054906742AA965A4541 /* libc++.tbd */,
				914FD301050A418E835B6356 /* AlipaySDK.framework */,
				F02CD3E08756441788D326A8 /* ImageIO.framework */,
				5D50D73E97204BF6A4256BF9 /* CoreLocation.framework */,
				943155B2DA674377BC11C4EB /* AVFoundation.framework */,
				EBDF645756D749EFBBE3FB52 /* AddressBook.framework */,
				32CE100B26AB4FCABB7D76AA /* AddressBookUI.framework */,
				666A23A71AA7443BA5872BA1 /* WebKit.framework */,
			);
			name = Frameworks;
			sourceTree = "<group>";
		};
		301BF52E109A57CC0062928A /* Products */ = {
			isa = PBXGroup;
			children = (
				301BF535109A57CC0062928A /* libCordova.a */,
				907D8124214C687600058A10 /* Cordova.framework */,
			);
			name = Products;
			sourceTree = "<group>";
		};
		3047A50E1AB8057F00498E2A /* config */ = {
			isa = PBXGroup;
			children = (
				3047A50F1AB8059700498E2A /* build-debug.xcconfig */,
				3047A5101AB8059700498E2A /* build-release.xcconfig */,
				3047A5111AB8059700498E2A /* build.xcconfig */,
			);
			name = config;
			sourceTree = "<group>";
		};
		307C750510C5A3420062BCA9 /* Plugins */ = {
			isa = PBXGroup;
			children = (
				AD86DF5ABDA34CB8ACB9F8E4 /* startApp.m */,
				4A688D9F60C74DC598A6C1AE /* startApp.h */,
				0B751D21FD0B4D7CBAF6883E /* alipay.m */,
				3D30B435A0834EFAB00D5046 /* UIImage+CropScaleOrientation.m */,
				7789BC52D02F4711B66A06D1 /* CDVCamera.m */,
				3A21303D31BF42C9B493D14C /* CDVJpegHeaderWriter.m */,
				F1A4A03CF86048769F264430 /* UIImage+CropScaleOrientation.h */,
				11A1229D5634468880E10838 /* CDVCamera.h */,
				8F1775C5B6D64C6D9D15F08B /* CDVJpegHeaderWriter.h */,
				8A837ED4206147A9B6B83721 /* CDVExif.h */,
				DD949D71D30D4235BE2F29C7 /* CDVContacts.m */,
				58052F83C590465BA71353C2 /* CDVContact.m */,
				7E65B60E913A45AE9F306109 /* CDVContacts.h */,
				14ADA27739BE48768B1D6FEE /* CDVContact.h */,
				6822638857EF4552932BDC81 /* CDVDevice.m */,
				64EE06CE9DBB4587B378BD93 /* CDVDevice.h */,
				A5062CCFAA5D4BAEA3D2DCE6 /* CDVLocation.m */,
				38F35F4A9F5F49DA81DA94DB /* CDVLocation.h */,
				35BF3E4551AE4426ADD332E9 /* CDVIonicKeyboard.m */,
				8EE1198CB61C4E519CA99727 /* CDVIonicKeyboard.h */,
				876ECDB2234E4C808577A71B /* CDVWKWebViewEngine.m */,
				3B0E69B31E91415EB69A48D3 /* CDVWKWebViewUIDelegate.m */,
				5CB978CC77AC4ABBAA6725F1 /* CDVWKProcessPoolFactory.m */,
				A9A1CDDF757A43A9B9D7067E /* IONAssetHandler.m */,
				312182A1D3A34F8D954697CF /* CDVWKWebViewEngine.h */,
				35A1B1FFE69A48BE898D35FC /* CDVWKWebViewUIDelegate.h */,
				2951C2D9B7C0495C83EEE988 /* CDVWKProcessPoolFactory.h */,
				E4D5727ED7AC476FBC886765 /* IONAssetHandler.h */,
				02E60611CEA74D519D46D07A /* QRScanner.swift */,
				156B83454BCA4AB79E91E24A /* CDVSplashScreen.m */,
				12EF7E0B784E4EF4ADC77AC3 /* CDVViewController+SplashScreen.m */,
				63CFE514245E44E78BCEA870 /* CDVSplashScreen.h */,
				239080AF1A4244E8835B8895 /* CDVViewController+SplashScreen.h */,
				8E7DAC34574C48649DAB3AA3 /* CDVStatusBar.m */,
				F7F049459EA54C149807E452 /* CDVStatusBar.h */,
			);
			name = Plugins;
			path = "货运物联/Plugins";
			sourceTree = SOURCE_ROOT;
		};
		EB87FDF11871DA420020F90C /* Staging */ = {
			isa = PBXGroup;
			children = (
				F840E1F0165FE0F500CFE078 /* config.xml */,
				301BF56E109A69640062928A /* www */,
			);
			name = Staging;
			sourceTree = "<group>";
		};
/* End PBXGroup section */

/* Begin PBXNativeTarget section */
		1D6058900D05DD3D006BFB54 /* 货运物联 */ = {
			isa = PBXNativeTarget;
			buildConfigurationList = 1D6058960D05DD3E006BFB54 /* Build configuration list for PBXNativeTarget "货运物联" */;
			buildPhases = (
				304B58A110DAC018002A0835 /* Copy www directory */,
				1D60588D0D05DD3D006BFB54 /* Resources */,
				1D60588E0D05DD3D006BFB54 /* Sources */,
				1D60588F0D05DD3D006BFB54 /* Frameworks */,
			);
			buildRules = (
			);
			dependencies = (
				301BF551109A68C00062928A /* PBXTargetDependency */,
			);
			name = "货运物联";
			productName = "货运物联";
			productReference = 1D6058910D05DD3D006BFB54 /* 货运物联.app */;
			productType = "com.apple.product-type.application";
		};
/* End PBXNativeTarget section */

/* Begin PBXProject section */
		29B97313FDCFA39411CA2CEA /* Project object */ = {
			isa = PBXProject;
			attributes = {
				LastUpgradeCheck = 510;
				TargetAttributes = {
					1D6058900D05DD3D006BFB54 = {
						DevelopmentTeam = 77VF9QLAKZ;
						ProvisioningStyle = Automatic;
					};
				};
			};
			buildConfigurationList = C01FCF4E08A954540054247B /* Build configuration list for PBXProject "货运物联" */;
			compatibilityVersion = "Xcode 3.2";
			developmentRegion = English;
			hasScannedForEncodings = 1;
			knownRegions = (
				en,
			);
			mainGroup = 29B97314FDCFA39411CA2CEA /* CustomTemplate */;
			projectDirPath = "";
			projectReferences = (
				{
					ProductGroup = 301BF52E109A57CC0062928A /* Products */;
					ProjectRef = 301BF52D109A57CC0062928A /* CordovaLib/CordovaLib.xcodeproj */;
				},
			);
			projectRoot = "";
			targets = (
				1D6058900D05DD3D006BFB54 /* 货运物联 */,
			);
		};
/* End PBXProject section */

/* Begin PBXReferenceProxy section */
		301BF535109A57CC0062928A /* libCordova.a */ = {
			isa = PBXReferenceProxy;
			fileType = archive.ar;
			path = libCordova.a;
			remoteRef = 301BF534109A57CC0062928A /* PBXContainerItemProxy */;
			sourceTree = BUILT_PRODUCTS_DIR;
		};
		907D8124214C687600058A10 /* Cordova.framework */ = {
			isa = PBXReferenceProxy;
			fileType = wrapper.framework;
			path = Cordova.framework;
			remoteRef = 907D8123214C687600058A10 /* PBXContainerItemProxy */;
			sourceTree = BUILT_PRODUCTS_DIR;
		};
/* End PBXReferenceProxy section */

/* Begin PBXResourcesBuildPhase section */
		1D60588D0D05DD3D006BFB54 /* Resources */ = {
			isa = PBXResourcesBuildPhase;
			buildActionMask = 2147483647;
			files = (
				302D95F214D2391D003F00A1 /* MainViewController.xib in Resources */,
				0207DA581B56EA530066E2B4 /* Images.xcassets in Resources */,
				6AFF5BF91D6E424B00AB3073 /* CDVLaunchScreen.storyboard in Resources */,
				C2A252D77F9845479E0BFA94 /* AlipaySDK.bundle in Resources */,
			);
			runOnlyForDeploymentPostprocessing = 0;
		};
/* End PBXResourcesBuildPhase section */

/* Begin PBXShellScriptBuildPhase section */
		304B58A110DAC018002A0835 /* Copy www directory */ = {
			isa = PBXShellScriptBuildPhase;
			buildActionMask = 2147483647;
			files = (
			);
			inputPaths = (
			);
			name = "Copy www directory";
			outputPaths = (
			);
			runOnlyForDeploymentPostprocessing = 0;
			shellPath = /bin/sh;
			shellScript = "NODEJS_PATH=/usr/local/bin; NVM_NODE_PATH=~/.nvm/versions/node/`nvm version 2>/dev/null`/bin; N_NODE_PATH=`find /usr/local/n/versions/node/* -maxdepth 0 -type d 2>/dev/null | tail -1`/bin; XCODE_NODE_PATH=`xcode-select --print-path`/usr/share/xcs/Node/bin; PATH=$NODEJS_PATH:$NVM_NODE_PATH:$N_NODE_PATH:$XCODE_NODE_PATH:$PATH && node cordova/lib/copy-www-build-step.js";
			showEnvVarsInLog = 0;
		};
/* End PBXShellScriptBuildPhase section */

/* Begin PBXSourcesBuildPhase section */
		1D60588E0D05DD3D006BFB54 /* Sources */ = {
			isa = PBXSourcesBuildPhase;
			buildActionMask = 2147483647;
			files = (
				1D60589B0D05DD56006BFB54 /* main.m in Sources */,
				1D3623260D0F684500981E51 /* AppDelegate.m in Sources */,
				302D95F114D2391D003F00A1 /* MainViewController.m in Sources */,
				A9A7C4D061E3496A8DE39C21 /* startApp.m in Sources */,
				8AB6AC9693FA4D3A8D6DF3E8 /* alipay.m in Sources */,
				2A087762DF294E079340686B /* UIImage+CropScaleOrientation.m in Sources */,
				F45B2CDD17AA4FC2A16BF3CC /* CDVCamera.m in Sources */,
				F44FB6CE57D640858B60D641 /* CDVJpegHeaderWriter.m in Sources */,
				1B236144AF5844198BAF99D7 /* CDVContacts.m in Sources */,
				5DE2EF85D0434B7180082A55 /* CDVContact.m in Sources */,
				08D75F0533F44F73BF97E7AC /* CDVDevice.m in Sources */,
				6776272025354CF083017447 /* CDVLocation.m in Sources */,
				2F28C269FB0E4DECB1AD2DF4 /* CDVIonicKeyboard.m in Sources */,
				93B2E8AA401F46888C9EFE3D /* CDVWKWebViewEngine.m in Sources */,
				C83D9D74B4504EC8970A53DB /* CDVWKWebViewUIDelegate.m in Sources */,
				ACF226AD53B740C2ACA9E03D /* CDVWKProcessPoolFactory.m in Sources */,
				142CF7F034574CB7A838426A /* IONAssetHandler.m in Sources */,
				AEE1D15023DF4EEABB51648D /* QRScanner.swift in Sources */,
				6339030E496E484BB3620729 /* CDVSplashScreen.m in Sources */,
				D355369A717546DE874869D7 /* CDVViewController+SplashScreen.m in Sources */,
				E2860222205043F990D7B14C /* CDVStatusBar.m in Sources */,
			);
			runOnlyForDeploymentPostprocessing = 0;
		};
/* End PBXSourcesBuildPhase section */

/* Begin PBXTargetDependency section */
		301BF551109A68C00062928A /* PBXTargetDependency */ = {
			isa = PBXTargetDependency;
			name = CordovaLib;
			targetProxy = 301BF550109A68C00062928A /* PBXContainerItemProxy */;
		};
/* End PBXTargetDependency section */

/* Begin XCBuildConfiguration section */
		1D6058940D05DD3E006BFB54 /* Debug */ = {
			isa = XCBuildConfiguration;
			baseConfigurationReference = 3047A50F1AB8059700498E2A /* build-debug.xcconfig */;
			buildSettings = {
				ALWAYS_EMBED_SWIFT_STANDARD_LIBRARIES = YES;
				ALWAYS_SEARCH_USER_PATHS = NO;
				ASSETCATALOG_COMPILER_APPICON_NAME = AppIcon;
				ASSETCATALOG_COMPILER_LAUNCHIMAGE_NAME = LaunchImage;
				CLANG_ENABLE_MODULES = YES;
				CLANG_ENABLE_OBJC_ARC = YES;
				CODE_SIGN_IDENTITY = "iPhone Developer";
				CODE_SIGN_STYLE = Automatic;
				COPY_PHASE_STRIP = NO;
				DEVELOPMENT_TEAM = 77VF9QLAKZ;
				FRAMEWORK_SEARCH_PATHS = (
					"$(inherited)",
					"\"货运物联/Plugins/cordova-plugin-alipay\"",
				);
				GCC_DYNAMIC_NO_PIC = NO;
				GCC_OPTIMIZATION_LEVEL = 0;
				GCC_PRECOMPILE_PREFIX_HEADER = YES;
				GCC_PREFIX_HEADER = "货运物联/货运物联-Prefix.pch";
				GCC_THUMB_SUPPORT = NO;
				GCC_VERSION = "";
				INFOPLIST_FILE = "货运物联/货运物联-Info.plist";
				IPHONEOS_DEPLOYMENT_TARGET = 11.0;
				LD_RUNPATH_SEARCH_PATHS = "@executable_path/Frameworks";
				PRODUCT_BUNDLE_IDENTIFIER = io.freight.client;
				PRODUCT_NAME = "$(TARGET_NAME)";
				PROVISIONING_PROFILE_SPECIFIER = "";
				SWIFT_OBJC_BRIDGING_HEADER = "$(PROJECT_DIR)/$(PROJECT_NAME)/Bridging-Header.h";
				SWIFT_OPTIMIZATION_LEVEL = "-Onone";
				SWIFT_VERSION = 3.0;
				TARGETED_DEVICE_FAMILY = "1,2";
			};
			name = Debug;
		};
		1D6058950D05DD3E006BFB54 /* Release */ = {
			isa = XCBuildConfiguration;
			baseConfigurationReference = 3047A5101AB8059700498E2A /* build-release.xcconfig */;
			buildSettings = {
				ALWAYS_EMBED_SWIFT_STANDARD_LIBRARIES = YES;
				ALWAYS_SEARCH_USER_PATHS = NO;
				ASSETCATALOG_COMPILER_APPICON_NAME = AppIcon;
				ASSETCATALOG_COMPILER_LAUNCHIMAGE_NAME = LaunchImage;
				CLANG_ENABLE_MODULES = YES;
				CLANG_ENABLE_OBJC_ARC = YES;
				CODE_SIGN_IDENTITY = "iPhone Developer";
				CODE_SIGN_STYLE = Automatic;
				COPY_PHASE_STRIP = YES;
				DEVELOPMENT_TEAM = 77VF9QLAKZ;
				FRAMEWORK_SEARCH_PATHS = (
					"$(inherited)",
					"\"货运物联/Plugins/cordova-plugin-alipay\"",
				);
				GCC_PRECOMPILE_PREFIX_HEADER = YES;
				GCC_PREFIX_HEADER = "货运物联/货运物联-Prefix.pch";
				GCC_THUMB_SUPPORT = NO;
				GCC_VERSION = "";
				INFOPLIST_FILE = "货运物联/货运物联-Info.plist";
				IPHONEOS_DEPLOYMENT_TARGET = 11.0;
				LD_RUNPATH_SEARCH_PATHS = "@executable_path/Frameworks";
				PRODUCT_BUNDLE_IDENTIFIER = io.freight.client;
				PRODUCT_NAME = "$(TARGET_NAME)";
				PROVISIONING_PROFILE_SPECIFIER = "";
				SWIFT_OBJC_BRIDGING_HEADER = "$(PROJECT_DIR)/$(PROJECT_NAME)/Bridging-Header.h";
				SWIFT_VERSION = 3.0;
				TARGETED_DEVICE_FAMILY = "1,2";
			};
			name = Release;
		};
		C01FCF4F08A954540054247B /* Debug */ = {
			isa = XCBuildConfiguration;
			baseConfigurationReference = 3047A5111AB8059700498E2A /* build.xcconfig */;
			buildSettings = {
				ALWAYS_EMBED_SWIFT_STANDARD_LIBRARIES = YES;
				CLANG_ENABLE_MODULES = YES;
				CLANG_ENABLE_OBJC_ARC = YES;
				CLANG_WARN_BLOCK_CAPTURE_AUTORELEASING = YES;
				CLANG_WARN_BOOL_CONVERSION = YES;
				CLANG_WARN_COMMA = YES;
				CLANG_WARN_CONSTANT_CONVERSION = YES;
				CLANG_WARN_DEPRECATED_OBJC_IMPLEMENTATIONS = YES;
				CLANG_WARN_EMPTY_BODY = YES;
				CLANG_WARN_ENUM_CONVERSION = YES;
				CLANG_WARN_INFINITE_RECURSION = YES;
				CLANG_WARN_INT_CONVERSION = YES;
				CLANG_WARN_NON_LITERAL_NULL_CONVERSION = YES;
				CLANG_WARN_OBJC_IMPLICIT_RETAIN_SELF = YES;
				CLANG_WARN_OBJC_LITERAL_CONVERSION = YES;
				CLANG_WARN_RANGE_LOOP_ANALYSIS = YES;
				CLANG_WARN_STRICT_PROTOTYPES = YES;
				CLANG_WARN_SUSPICIOUS_MOVE = YES;
				CLANG_WARN_UNREACHABLE_CODE = YES;
				CLANG_WARN__DUPLICATE_METHOD_MATCH = YES;
				ENABLE_STRICT_OBJC_MSGSEND = YES;
				ENABLE_TESTABILITY = YES;
				GCC_C_LANGUAGE_STANDARD = c99;
				GCC_NO_COMMON_BLOCKS = YES;
				GCC_THUMB_SUPPORT = NO;
				GCC_VERSION = "";
				GCC_WARN_64_TO_32_BIT_CONVERSION = YES;
				GCC_WARN_ABOUT_RETURN_TYPE = YES;
				GCC_WARN_UNDECLARED_SELECTOR = YES;
				GCC_WARN_UNINITIALIZED_AUTOS = YES;
				GCC_WARN_UNUSED_FUNCTION = YES;
				GCC_WARN_UNUSED_VARIABLE = YES;
				IPHONEOS_DEPLOYMENT_TARGET = 11.0;
				ONLY_ACTIVE_ARCH = YES;
				PRODUCT_BUNDLE_IDENTIFIER = io.freight.client;
				SDKROOT = iphoneos;
				SKIP_INSTALL = NO;
				SWIFT_OBJC_BRIDGING_HEADER = "$(PROJECT_DIR)/$(PROJECT_NAME)/Bridging-Header.h";
				SWIFT_OPTIMIZATION_LEVEL = "-Onone";
				SWIFT_VERSION = 3.0;
			};
			name = Debug;
		};
		C01FCF5008A954540054247B /* Release */ = {
			isa = XCBuildConfiguration;
			baseConfigurationReference = 3047A5111AB8059700498E2A /* build.xcconfig */;
			buildSettings = {
				ALWAYS_EMBED_SWIFT_STANDARD_LIBRARIES = YES;
				CLANG_ENABLE_MODULES = YES;
				CLANG_ENABLE_OBJC_ARC = YES;
				CLANG_WARN_BLOCK_CAPTURE_AUTORELEASING = YES;
				CLANG_WARN_BOOL_CONVERSION = YES;
				CLANG_WARN_COMMA = YES;
				CLANG_WARN_CONSTANT_CONVERSION = YES;
				CLANG_WARN_DEPRECATED_OBJC_IMPLEMENTATIONS = YES;
				CLANG_WARN_EMPTY_BODY = YES;
				CLANG_WARN_ENUM_CONVERSION = YES;
				CLANG_WARN_INFINITE_RECURSION = YES;
				CLANG_WARN_INT_CONVERSION = YES;
				CLANG_WARN_NON_LITERAL_NULL_CONVERSION = YES;
				CLANG_WARN_OBJC_IMPLICIT_RETAIN_SELF = YES;
				CLANG_WARN_OBJC_LITERAL_CONVERSION = YES;
				CLANG_WARN_RANGE_LOOP_ANALYSIS = YES;
				CLANG_WARN_STRICT_PROTOTYPES = YES;
				CLANG_WARN_SUSPICIOUS_MOVE = YES;
				CLANG_WARN_UNREACHABLE_CODE = YES;
				CLANG_WARN__DUPLICATE_METHOD_MATCH = YES;
				ENABLE_STRICT_OBJC_MSGSEND = YES;
				GCC_C_LANGUAGE_STANDARD = c99;
				GCC_NO_COMMON_BLOCKS = YES;
				GCC_THUMB_SUPPORT = NO;
				GCC_VERSION = "";
				GCC_WARN_64_TO_32_BIT_CONVERSION = YES;
				GCC_WARN_ABOUT_RETURN_TYPE = YES;
				GCC_WARN_UNDECLARED_SELECTOR = YES;
				GCC_WARN_UNINITIALIZED_AUTOS = YES;
				GCC_WARN_UNUSED_FUNCTION = YES;
				GCC_WARN_UNUSED_VARIABLE = YES;
				IPHONEOS_DEPLOYMENT_TARGET = 11.0;
				PRODUCT_BUNDLE_IDENTIFIER = io.freight.client;
				SDKROOT = iphoneos;
				SKIP_INSTALL = NO;
				SWIFT_OBJC_BRIDGING_HEADER = "$(PROJECT_DIR)/$(PROJECT_NAME)/Bridging-Header.h";
				SWIFT_VERSION = 3.0;
			};
			name = Release;
		};
/* End XCBuildConfiguration section */

/* Begin XCConfigurationList section */
		1D6058960D05DD3E006BFB54 /* Build configuration list for PBXNativeTarget "货运物联" */ = {
			isa = XCConfigurationList;
			buildConfigurations = (
				1D6058940D05DD3E006BFB54 /* Debug */,
				1D6058950D05DD3E006BFB54 /* Release */,
			);
			defaultConfigurationIsVisible = 0;
			defaultConfigurationName = Release;
		};
		C01FCF4E08A954540054247B /* Build configuration list for PBXProject "货运物联" */ = {
			isa = XCConfigurationList;
			buildConfigurations = (
				C01FCF4F08A954540054247B /* Debug */,
				C01FCF5008A954540054247B /* Release */,
			);
			defaultConfigurationIsVisible = 0;
			defaultConfigurationName = Release;
		};
/* End XCConfigurationList section */
	};
	rootObject = 29B97313FDCFA39411CA2CEA /* Project object */;
}
