// !$*UTF8*$!
{
	archiveVersion = 1;
	classes = {
	};
	objectVersion = 46;
	objects = {

/* Begin PBXBuildFile section */
		0204D6872CCF446DAA667DE4 /* AVFoundation.framework in Frameworks */ = {isa = PBXBuildFile; fileRef = A5D34E182BD0429280CF6B6B /* AVFoundation.framework */; };
		0207DA581B56EA530066E2B4 /* Images.xcassets in Resources */ = {isa = PBXBuildFile; fileRef = 0207DA571B56EA530066E2B4 /* Images.xcassets */; };
		0E467C4767344244BCF478FC /* IONAssetHandler.m in Sources */ = {isa = PBXBuildFile; fileRef = DD8AC8B98A2546BBA8938024 /* IONAssetHandler.m */; };
		144B9AD48BC644C4B9F2CF5D /* startApp.m in Sources */ = {isa = PBXBuildFile; fileRef = B51FE62B15E74771A9DAB195 /* startApp.m */; };
		19345389F4074C019F364687 /* CDVCamera.m in Sources */ = {isa = PBXBuildFile; fileRef = 471976BC640D492DB861E4E5 /* CDVCamera.m */; };
		1AEA11729B874275B48E5488 /* CoreTelephony.framework in Frameworks */ = {isa = PBXBuildFile; fileRef = B152BFF07C05439F8472948B /* CoreTelephony.framework */; settings = {ATTRIBUTES = (Weak, ); }; };
		1B42F3BF921E407580C868AD /* CoreLocation.framework in Frameworks */ = {isa = PBXBuildFile; fileRef = 8E474199594A491282C0C24D /* CoreLocation.framework */; };
		1D3623260D0F684500981E51 /* AppDelegate.m in Sources */ = {isa = PBXBuildFile; fileRef = 1D3623250D0F684500981E51 /* AppDelegate.m */; };
		1D60589B0D05DD56006BFB54 /* main.m in Sources */ = {isa = PBXBuildFile; fileRef = 29B97316FDCFA39411CA2CEA /* main.m */; };
		23138C5DC8954F67ABEF6888 /* SystemConfiguration.framework in Frameworks */ = {isa = PBXBuildFile; fileRef = AE4D7F8B94C44A2B94A76875 /* SystemConfiguration.framework */; settings = {ATTRIBUTES = (Weak, ); }; };
		23536D5BFE244346A0DD619C /* libc++.tbd in Frameworks */ = {isa = PBXBuildFile; fileRef = 6FADD97B80C047E39BA3A13A /* libc++.tbd */; settings = {ATTRIBUTES = (Weak, ); }; };
		249FB0A5864D450EBCE55852 /* CDVContact.m in Sources */ = {isa = PBXBuildFile; fileRef = 72B6B82C91D9406C8E59C70B /* CDVContact.m */; };
		2F7C947BB8F0417491CA5283 /* CDVViewController+SplashScreen.m in Sources */ = {isa = PBXBuildFile; fileRef = ABDFA15597294CA9A251F843 /* CDVViewController+SplashScreen.m */; };
		301BF552109A68D80062928A /* libCordova.a in Frameworks */ = {isa = PBXBuildFile; fileRef = 301BF535109A57CC0062928A /* libCordova.a */; };
		302D95F114D2391D003F00A1 /* MainViewController.m in Sources */ = {isa = PBXBuildFile; fileRef = 302D95EF14D2391D003F00A1 /* MainViewController.m */; };
		302D95F214D2391D003F00A1 /* MainViewController.xib in Resources */ = {isa = PBXBuildFile; fileRef = 302D95F014D2391D003F00A1 /* MainViewController.xib */; };
		3B5216BF56DD4E28867E5CCA /* Security.framework in Frameworks */ = {isa = PBXBuildFile; fileRef = 5857C14CAF964DC58E86D85A /* Security.framework */; settings = {ATTRIBUTES = (Weak, ); }; };
		546D319D666840988A04B6B8 /* AddressBook.framework in Frameworks */ = {isa = PBXBuildFile; fileRef = 1E69B11CB0884843A1F38D6C /* AddressBook.framework */; settings = {ATTRIBUTES = (Weak, ); }; };
		549B5C7B4D3A4FFEB5D32963 /* CDVLocation.m in Sources */ = {isa = PBXBuildFile; fileRef = 0F6BF94B9C0441B7BD5BBBCE /* CDVLocation.m */; };
		5511C6C73E494516AFB9D866 /* CDVJpegHeaderWriter.m in Sources */ = {isa = PBXBuildFile; fileRef = CB400F91B7454344BFF85092 /* CDVJpegHeaderWriter.m */; };
		56B732D54B094D909D84CBE3 /* CDVWKWebViewEngine.m in Sources */ = {isa = PBXBuildFile; fileRef = F36F82525D7A49B18B8F3683 /* CDVWKWebViewEngine.m */; };
		56E89CEF30AE45D398D2726A /* AlipaySDK.framework in Frameworks */ = {isa = PBXBuildFile; fileRef = D91C9AAB2D7049BFA670F3A9 /* AlipaySDK.framework */; };
		60B7F1AC85DB4040BED41AB8 /* ImageIO.framework in Frameworks */ = {isa = PBXBuildFile; fileRef = 922101EB0D5C4547AAFE3FF3 /* ImageIO.framework */; settings = {ATTRIBUTES = (Weak, ); }; };
		6AFF5BF91D6E424B00AB3073 /* CDVLaunchScreen.storyboard in Resources */ = {isa = PBXBuildFile; fileRef = 6AFF5BF81D6E424B00AB3073 /* CDVLaunchScreen.storyboard */; };
		7D9840B13A2346F1B8666F08 /* alipay.m in Sources */ = {isa = PBXBuildFile; fileRef = B0142A890F5D425CBE7FC1A5 /* alipay.m */; };
		7E008825C92B40FCAEAB9F62 /* CDVSplashScreen.m in Sources */ = {isa = PBXBuildFile; fileRef = FA2B68D81A9B4A68A3E09C1E /* CDVSplashScreen.m */; };
		7E8E7670C4DB4ED68CF880FC /* CoreMotion.framework in Frameworks */ = {isa = PBXBuildFile; fileRef = 60CD9287FFF74FCDBE1DA4CD /* CoreMotion.framework */; };
		81A18F52C84D43D7A204A705 /* AddressBookUI.framework in Frameworks */ = {isa = PBXBuildFile; fileRef = 31F6B0637A794D1FA68E09B3 /* AddressBookUI.framework */; settings = {ATTRIBUTES = (Weak, ); }; };
		8D19E75531984C2899CAD9A6 /* CDVIonicKeyboard.m in Sources */ = {isa = PBXBuildFile; fileRef = ACC8D9FDDA8541B48A33C364 /* CDVIonicKeyboard.m */; };
		90A4A8E497D44CCE97FD0A70 /* CDVStatusBar.m in Sources */ = {isa = PBXBuildFile; fileRef = C51A384D0DFC44EA8F2D12F8 /* CDVStatusBar.m */; };
		9F6BB711D6AC42B1A054FA10 /* CDVDevice.m in Sources */ = {isa = PBXBuildFile; fileRef = 4619C4A633754FC1A8216652 /* CDVDevice.m */; };
		9FD849189B5743FA9F79CE2B /* CDVWKProcessPoolFactory.m in Sources */ = {isa = PBXBuildFile; fileRef = 9027642046B84B67A78F258F /* CDVWKProcessPoolFactory.m */; };
		A1C325CD9AAF4D7DA92CDE74 /* AlipaySDK.bundle in Resources */ = {isa = PBXBuildFile; fileRef = 5DC6D08F0F024C6DB29DC7EE /* AlipaySDK.bundle */; };
		B014C5C504874CA0ABF8BB2F /* WebKit.framework in Frameworks */ = {isa = PBXBuildFile; fileRef = B3429DD7E2D1441AA4DF94E7 /* WebKit.framework */; settings = {ATTRIBUTES = (Weak, ); }; };
		C1C5DEDE8CC245A9941EE191 /* CDVContacts.m in Sources */ = {isa = PBXBuildFile; fileRef = 741AF40CFE144AD38D19FDE5 /* CDVContacts.m */; };
		C502EAA6A430405E9153C8EC /* CDVWKWebViewUIDelegate.m in Sources */ = {isa = PBXBuildFile; fileRef = A86E78DB5DBA49D09E3BD8CE /* CDVWKWebViewUIDelegate.m */; };
		DA60618570864986A87DB110 /* QRScanner.swift in Sources */ = {isa = PBXBuildFile; fileRef = 86AFE964101F4AE78B3B61EE /* QRScanner.swift */; };
		DDE482C32225876A00E6E7F4 /* libz.tbd in Frameworks */ = {isa = PBXBuildFile; fileRef = DDE482C22225876A00E6E7F4 /* libz.tbd */; };
		F921843AF2E1426BA271EF15 /* UIImage+CropScaleOrientation.m in Sources */ = {isa = PBXBuildFile; fileRef = 01A0DB8B9A974FA5A1B284B4 /* UIImage+CropScaleOrientation.m */; };
		F9F13A8120034C2A8CEAA308 /* CFNetwork.framework in Frameworks */ = {isa = PBXBuildFile; fileRef = 11D5317E71274E929A6420D3 /* CFNetwork.framework */; };
/* End PBXBuildFile section */

/* Begin PBXContainerItemProxy section */
		301BF534109A57CC0062928A /* PBXContainerItemProxy */ = {
			isa = PBXContainerItemProxy;
			containerPortal = 301BF52D109A57CC0062928A /* CordovaLib/CordovaLib.xcodeproj */;
			proxyType = 2;
			remoteGlobalIDString = D2AAC07E0554694100DB518D;
			remoteInfo = CordovaLib;
		};
		301BF550109A68C00062928A /* PBXContainerItemProxy */ = {
			isa = PBXContainerItemProxy;
			containerPortal = 301BF52D109A57CC0062928A /* CordovaLib/CordovaLib.xcodeproj */;
			proxyType = 1;
			remoteGlobalIDString = D2AAC07D0554694100DB518D;
			remoteInfo = CordovaLib;
		};
		DDE482C02225853400E6E7F4 /* PBXContainerItemProxy */ = {
			isa = PBXContainerItemProxy;
			containerPortal = 301BF52D109A57CC0062928A /* CordovaLib/CordovaLib.xcodeproj */;
			proxyType = 2;
			remoteGlobalIDString = C0C01EB21E3911D50056E6CB;
			remoteInfo = Cordova;
		};
/* End PBXContainerItemProxy section */

/* Begin PBXFileReference section */
		01A0DB8B9A974FA5A1B284B4 /* UIImage+CropScaleOrientation.m */ = {isa = PBXFileReference; explicitFileType = undefined; fileEncoding = 4; includeInIndex = 0; lastKnownFileType = sourcecode.c.objc; name = "UIImage+CropScaleOrientation.m"; path = "cordova-plugin-camera/UIImage+CropScaleOrientation.m"; sourceTree = "<group>"; };
		0207DA571B56EA530066E2B4 /* Images.xcassets */ = {isa = PBXFileReference; lastKnownFileType = folder.assetcatalog; name = Images.xcassets; path = "货运物联/Images.xcassets"; sourceTree = SOURCE_ROOT; };
		0F6BF94B9C0441B7BD5BBBCE /* CDVLocation.m */ = {isa = PBXFileReference; explicitFileType = undefined; fileEncoding = 4; includeInIndex = 0; lastKnownFileType = sourcecode.c.objc; name = CDVLocation.m; path = "cordova-plugin-geolocation/CDVLocation.m"; sourceTree = "<group>"; };
		11D5317E71274E929A6420D3 /* CFNetwork.framework */ = {isa = PBXFileReference; explicitFileType = undefined; fileEncoding = 9; includeInIndex = 0; lastKnownFileType = wrapper.framework; name = CFNetwork.framework; path = System/Library/Frameworks/CFNetwork.framework; sourceTree = SDKROOT; };
		1D04A6CACC27469FB41B25C9 /* CDVJpegHeaderWriter.h */ = {isa = PBXFileReference; explicitFileType = undefined; fileEncoding = 4; includeInIndex = 0; lastKnownFileType = sourcecode.c.h; name = CDVJpegHeaderWriter.h; path = "cordova-plugin-camera/CDVJpegHeaderWriter.h"; sourceTree = "<group>"; };
		1D3623240D0F684500981E51 /* AppDelegate.h */ = {isa = PBXFileReference; fileEncoding = 4; lastKnownFileType = sourcecode.c.h; path = AppDelegate.h; sourceTree = "<group>"; };
		1D3623250D0F684500981E51 /* AppDelegate.m */ = {isa = PBXFileReference; fileEncoding = 4; lastKnownFileType = sourcecode.c.objc; path = AppDelegate.m; sourceTree = "<group>"; };
		1D6058910D05DD3D006BFB54 /* 货运物联.app */ = {isa = PBXFileReference; explicitFileType = wrapper.application; includeInIndex = 0; path = "货运物联.app"; sourceTree = BUILT_PRODUCTS_DIR; };
		1E69B11CB0884843A1F38D6C /* AddressBook.framework */ = {isa = PBXFileReference; explicitFileType = undefined; fileEncoding = 9; includeInIndex = 0; lastKnownFileType = wrapper.framework; name = AddressBook.framework; path = System/Library/Frameworks/AddressBook.framework; sourceTree = SDKROOT; };
		28FFCD2AA7524C16900DEABE /* CDVWKWebViewUIDelegate.h */ = {isa = PBXFileReference; explicitFileType = undefined; fileEncoding = 4; includeInIndex = 0; lastKnownFileType = sourcecode.c.h; name = CDVWKWebViewUIDelegate.h; path = "cordova-plugin-ionic-webview/CDVWKWebViewUIDelegate.h"; sourceTree = "<group>"; };
		29B97316FDCFA39411CA2CEA /* main.m */ = {isa = PBXFileReference; fileEncoding = 4; lastKnownFileType = sourcecode.c.objc; path = main.m; sourceTree = "<group>"; };
		2E70307E3ACB44CB99680D4A /* CDVIonicKeyboard.h */ = {isa = PBXFileReference; explicitFileType = undefined; fileEncoding = 4; includeInIndex = 0; lastKnownFileType = sourcecode.c.h; name = CDVIonicKeyboard.h; path = "cordova-plugin-ionic-keyboard/CDVIonicKeyboard.h"; sourceTree = "<group>"; };
		301BF52D109A57CC0062928A /* CordovaLib/CordovaLib.xcodeproj */ = {isa = PBXFileReference; lastKnownFileType = "wrapper.pb-project"; path = CordovaLib/CordovaLib.xcodeproj; sourceTree = "<group>"; };
		301BF56E109A69640062928A /* www */ = {isa = PBXFileReference; lastKnownFileType = folder; path = www; sourceTree = SOURCE_ROOT; };
		302D95EE14D2391D003F00A1 /* MainViewController.h */ = {isa = PBXFileReference; fileEncoding = 4; lastKnownFileType = sourcecode.c.h; path = MainViewController.h; sourceTree = "<group>"; };
		302D95EF14D2391D003F00A1 /* MainViewController.m */ = {isa = PBXFileReference; fileEncoding = 4; lastKnownFileType = sourcecode.c.objc; path = MainViewController.m; sourceTree = "<group>"; };
		302D95F014D2391D003F00A1 /* MainViewController.xib */ = {isa = PBXFileReference; fileEncoding = 4; lastKnownFileType = file.xib; path = MainViewController.xib; sourceTree = "<group>"; };
		3047A50F1AB8059700498E2A /* build-debug.xcconfig */ = {isa = PBXFileReference; fileEncoding = 4; lastKnownFileType = text.xcconfig; name = "build-debug.xcconfig"; path = "cordova/build-debug.xcconfig"; sourceTree = SOURCE_ROOT; };
		3047A5101AB8059700498E2A /* build-release.xcconfig */ = {isa = PBXFileReference; fileEncoding = 4; lastKnownFileType = text.xcconfig; name = "build-release.xcconfig"; path = "cordova/build-release.xcconfig"; sourceTree = SOURCE_ROOT; };
		3047A5111AB8059700498E2A /* build.xcconfig */ = {isa = PBXFileReference; fileEncoding = 4; lastKnownFileType = text.xcconfig; name = build.xcconfig; path = cordova/build.xcconfig; sourceTree = SOURCE_ROOT; };
		31F6B0637A794D1FA68E09B3 /* AddressBookUI.framework */ = {isa = PBXFileReference; explicitFileType = undefined; fileEncoding = 9; includeInIndex = 0; lastKnownFileType = wrapper.framework; name = AddressBookUI.framework; path = System/Library/Frameworks/AddressBookUI.framework; sourceTree = SDKROOT; };
		32CA4F630368D1EE00C91783 /* 货运物联-Prefix.pch */ = {isa = PBXFileReference; fileEncoding = 4; lastKnownFileType = sourcecode.c.h; path = "货运物联-Prefix.pch"; sourceTree = "<group>"; };
		4619C4A633754FC1A8216652 /* CDVDevice.m */ = {isa = PBXFileReference; explicitFileType = undefined; fileEncoding = 4; includeInIndex = 0; lastKnownFileType = sourcecode.c.objc; name = CDVDevice.m; path = "cordova-plugin-device/CDVDevice.m"; sourceTree = "<group>"; };
		471976BC640D492DB861E4E5 /* CDVCamera.m */ = {isa = PBXFileReference; explicitFileType = undefined; fileEncoding = 4; includeInIndex = 0; lastKnownFileType = sourcecode.c.objc; name = CDVCamera.m; path = "cordova-plugin-camera/CDVCamera.m"; sourceTree = "<group>"; };
		5857C14CAF964DC58E86D85A /* Security.framework */ = {isa = PBXFileReference; explicitFileType = undefined; fileEncoding = 9; includeInIndex = 0; lastKnownFileType = wrapper.framework; name = Security.framework; path = System/Library/Frameworks/Security.framework; sourceTree = SDKROOT; };
		5DC6D08F0F024C6DB29DC7EE /* AlipaySDK.bundle */ = {isa = PBXFileReference; explicitFileType = undefined; fileEncoding = 9; includeInIndex = 0; lastKnownFileType = "wrapper.plug-in"; path = AlipaySDK.bundle; sourceTree = "<group>"; };
		60CD9287FFF74FCDBE1DA4CD /* CoreMotion.framework */ = {isa = PBXFileReference; explicitFileType = undefined; fileEncoding = 9; includeInIndex = 0; lastKnownFileType = wrapper.framework; name = CoreMotion.framework; path = System/Library/Frameworks/CoreMotion.framework; sourceTree = SDKROOT; };
		6AFF5BF81D6E424B00AB3073 /* CDVLaunchScreen.storyboard */ = {isa = PBXFileReference; fileEncoding = 4; lastKnownFileType = file.storyboard; name = CDVLaunchScreen.storyboard; path = "货运物联/CDVLaunchScreen.storyboard"; sourceTree = SOURCE_ROOT; };
		6FADD97B80C047E39BA3A13A /* libc++.tbd */ = {isa = PBXFileReference; explicitFileType = undefined; fileEncoding = 9; includeInIndex = 0; lastKnownFileType = "sourcecode.text-based-dylib-definition"; name = "libc++.tbd"; path = "usr/lib/libc++.tbd"; sourceTree = SDKROOT; };
		715B6DF8F5244C01A41EBF45 /* CDVWKProcessPoolFactory.h */ = {isa = PBXFileReference; explicitFileType = undefined; fileEncoding = 4; includeInIndex = 0; lastKnownFileType = sourcecode.c.h; name = CDVWKProcessPoolFactory.h; path = "cordova-plugin-ionic-webview/CDVWKProcessPoolFactory.h"; sourceTree = "<group>"; };
		72B6B82C91D9406C8E59C70B /* CDVContact.m */ = {isa = PBXFileReference; explicitFileType = undefined; fileEncoding = 4; includeInIndex = 0; lastKnownFileType = sourcecode.c.objc; name = CDVContact.m; path = "cordova-plugin-contacts/CDVContact.m"; sourceTree = "<group>"; };
		73913C56991E4C95B4D5B1C2 /* CDVSplashScreen.h */ = {isa = PBXFileReference; explicitFileType = undefined; fileEncoding = 4; includeInIndex = 0; lastKnownFileType = sourcecode.c.h; name = CDVSplashScreen.h; path = "cordova-plugin-splashscreen/CDVSplashScreen.h"; sourceTree = "<group>"; };
		741117C600A14693B55DDBE5 /* CDVStatusBar.h */ = {isa = PBXFileReference; explicitFileType = undefined; fileEncoding = 4; includeInIndex = 0; lastKnownFileType = sourcecode.c.h; name = CDVStatusBar.h; path = "cordova-plugin-statusbar/CDVStatusBar.h"; sourceTree = "<group>"; };
		741AF40CFE144AD38D19FDE5 /* CDVContacts.m */ = {isa = PBXFileReference; explicitFileType = undefined; fileEncoding = 4; includeInIndex = 0; lastKnownFileType = sourcecode.c.objc; name = CDVContacts.m; path = "cordova-plugin-contacts/CDVContacts.m"; sourceTree = "<group>"; };
		86AFE964101F4AE78B3B61EE /* QRScanner.swift */ = {isa = PBXFileReference; explicitFileType = undefined; fileEncoding = 4; includeInIndex = 0; lastKnownFileType = sourcecode.swift; name = QRScanner.swift; path = "cordova-plugin-qrscanner/QRScanner.swift"; sourceTree = "<group>"; };
		8D1107310486CEB800E47090 /* 货运物联-Info.plist */ = {isa = PBXFileReference; fileEncoding = 4; lastKnownFileType = text.plist.xml; name = "货运物联-Info.plist"; path = "货运物联/货运物联-Info.plist"; plistStructureDefinitionIdentifier = "com.apple.xcode.plist.structure-definition.iphone.info-plist"; sourceTree = SOURCE_ROOT; };
		8E474199594A491282C0C24D /* CoreLocation.framework */ = {isa = PBXFileReference; explicitFileType = undefined; fileEncoding = 9; includeInIndex = 0; lastKnownFileType = wrapper.framework; name = CoreLocation.framework; path = System/Library/Frameworks/CoreLocation.framework; sourceTree = SDKROOT; };
		9027642046B84B67A78F258F /* CDVWKProcessPoolFactory.m */ = {isa = PBXFileReference; explicitFileType = undefined; fileEncoding = 4; includeInIndex = 0; lastKnownFileType = sourcecode.c.objc; name = CDVWKProcessPoolFactory.m; path = "cordova-plugin-ionic-webview/CDVWKProcessPoolFactory.m"; sourceTree = "<group>"; };
		922101EB0D5C4547AAFE3FF3 /* ImageIO.framework */ = {isa = PBXFileReference; explicitFileType = undefined; fileEncoding = 9; includeInIndex = 0; lastKnownFileType = wrapper.framework; name = ImageIO.framework; path = System/Library/Frameworks/ImageIO.framework; sourceTree = SDKROOT; };
		9235C3EE9C604A6B858B9F79 /* CDVLocation.h */ = {isa = PBXFileReference; explicitFileType = undefined; fileEncoding = 4; includeInIndex = 0; lastKnownFileType = sourcecode.c.h; name = CDVLocation.h; path = "cordova-plugin-geolocation/CDVLocation.h"; sourceTree = "<group>"; };
		9DAC2B2F52D7410A9EB7DA9D /* UIImage+CropScaleOrientation.h */ = {isa = PBXFileReference; explicitFileType = undefined; fileEncoding = 4; includeInIndex = 0; lastKnownFileType = sourcecode.c.h; name = "UIImage+CropScaleOrientation.h"; path = "cordova-plugin-camera/UIImage+CropScaleOrientation.h"; sourceTree = "<group>"; };
		A5D34E182BD0429280CF6B6B /* AVFoundation.framework */ = {isa = PBXFileReference; explicitFileType = undefined; fileEncoding = 9; includeInIndex = 0; lastKnownFileType = wrapper.framework; name = AVFoundation.framework; path = System/Library/Frameworks/AVFoundation.framework; sourceTree = SDKROOT; };
		A86E78DB5DBA49D09E3BD8CE /* CDVWKWebViewUIDelegate.m */ = {isa = PBXFileReference; explicitFileType = undefined; fileEncoding = 4; includeInIndex = 0; lastKnownFileType = sourcecode.c.objc; name = CDVWKWebViewUIDelegate.m; path = "cordova-plugin-ionic-webview/CDVWKWebViewUIDelegate.m"; sourceTree = "<group>"; };
		ABDFA15597294CA9A251F843 /* CDVViewController+SplashScreen.m */ = {isa = PBXFileReference; explicitFileType = undefined; fileEncoding = 4; includeInIndex = 0; lastKnownFileType = sourcecode.c.objc; name = "CDVViewController+SplashScreen.m"; path = "cordova-plugin-splashscreen/CDVViewController+SplashScreen.m"; sourceTree = "<group>"; };
		ACC8D9FDDA8541B48A33C364 /* CDVIonicKeyboard.m */ = {isa = PBXFileReference; explicitFileType = undefined; fileEncoding = 4; includeInIndex = 0; lastKnownFileType = sourcecode.c.objc; name = CDVIonicKeyboard.m; path = "cordova-plugin-ionic-keyboard/CDVIonicKeyboard.m"; sourceTree = "<group>"; };
		AE4D7F8B94C44A2B94A76875 /* SystemConfiguration.framework */ = {isa = PBXFileReference; explicitFileType = undefined; fileEncoding = 9; includeInIndex = 0; lastKnownFileType = wrapper.framework; name = SystemConfiguration.framework; path = System/Library/Frameworks/SystemConfiguration.framework; sourceTree = SDKROOT; };
		B0142A890F5D425CBE7FC1A5 /* alipay.m */ = {isa = PBXFileReference; explicitFileType = undefined; fileEncoding = 4; includeInIndex = 0; lastKnownFileType = sourcecode.c.objc; name = alipay.m; path = "cordova-plugin-alipay/alipay.m"; sourceTree = "<group>"; };
		B152BFF07C05439F8472948B /* CoreTelephony.framework */ = {isa = PBXFileReference; explicitFileType = undefined; fileEncoding = 9; includeInIndex = 0; lastKnownFileType = wrapper.framework; name = CoreTelephony.framework; path = System/Library/Frameworks/CoreTelephony.framework; sourceTree = SDKROOT; };
		B2FD300DE465405B9E6D832A /* CDVDevice.h */ = {isa = PBXFileReference; explicitFileType = undefined; fileEncoding = 4; includeInIndex = 0; lastKnownFileType = sourcecode.c.h; name = CDVDevice.h; path = "cordova-plugin-device/CDVDevice.h"; sourceTree = "<group>"; };
		B3429DD7E2D1441AA4DF94E7 /* WebKit.framework */ = {isa = PBXFileReference; explicitFileType = undefined; fileEncoding = 9; includeInIndex = 0; lastKnownFileType = wrapper.framework; name = WebKit.framework; path = System/Library/Frameworks/WebKit.framework; sourceTree = SDKROOT; };
		B51FE62B15E74771A9DAB195 /* startApp.m */ = {isa = PBXFileReference; explicitFileType = undefined; fileEncoding = 4; includeInIndex = 0; lastKnownFileType = sourcecode.c.objc; name = startApp.m; path = com.lampa.startapp/startApp.m; sourceTree = "<group>"; };
		C51A384D0DFC44EA8F2D12F8 /* CDVStatusBar.m */ = {isa = PBXFileReference; explicitFileType = undefined; fileEncoding = 4; includeInIndex = 0; lastKnownFileType = sourcecode.c.objc; name = CDVStatusBar.m; path = "cordova-plugin-statusbar/CDVStatusBar.m"; sourceTree = "<group>"; };
		C7214C4505E5406495FB5EC2 /* IONAssetHandler.h */ = {isa = PBXFileReference; explicitFileType = undefined; fileEncoding = 4; includeInIndex = 0; lastKnownFileType = sourcecode.c.h; name = IONAssetHandler.h; path = "cordova-plugin-ionic-webview/IONAssetHandler.h"; sourceTree = "<group>"; };
		C823EFE8CE92449D8FCBD33D /* CDVCamera.h */ = {isa = PBXFileReference; explicitFileType = undefined; fileEncoding = 4; includeInIndex = 0; lastKnownFileType = sourcecode.c.h; name = CDVCamera.h; path = "cordova-plugin-camera/CDVCamera.h"; sourceTree = "<group>"; };
		CB400F91B7454344BFF85092 /* CDVJpegHeaderWriter.m */ = {isa = PBXFileReference; explicitFileType = undefined; fileEncoding = 4; includeInIndex = 0; lastKnownFileType = sourcecode.c.objc; name = CDVJpegHeaderWriter.m; path = "cordova-plugin-camera/CDVJpegHeaderWriter.m"; sourceTree = "<group>"; };
		D91C9AAB2D7049BFA670F3A9 /* AlipaySDK.framework */ = {isa = PBXFileReference; explicitFileType = undefined; fileEncoding = 9; includeInIndex = 0; lastKnownFileType = wrapper.framework; name = AlipaySDK.framework; path = "货运物联/Plugins/cordova-plugin-alipay/AlipaySDK.framework"; sourceTree = "<group>"; };
		DD8AC8B98A2546BBA8938024 /* IONAssetHandler.m */ = {isa = PBXFileReference; explicitFileType = undefined; fileEncoding = 4; includeInIndex = 0; lastKnownFileType = sourcecode.c.objc; name = IONAssetHandler.m; path = "cordova-plugin-ionic-webview/IONAssetHandler.m"; sourceTree = "<group>"; };
		DDE482C22225876A00E6E7F4 /* libz.tbd */ = {isa = PBXFileReference; lastKnownFileType = "sourcecode.text-based-dylib-definition"; name = libz.tbd; path = usr/lib/libz.tbd; sourceTree = SDKROOT; };
		DDE482C42225878000E6E7F4 /* UIKit.framework */ = {isa = PBXFileReference; lastKnownFileType = wrapper.framework; name = UIKit.framework; path = System/Library/Frameworks/UIKit.framework; sourceTree = SDKROOT; };
		DDE482C5222587A100E6E7F4 /* Foundation.framework */ = {isa = PBXFileReference; lastKnownFileType = wrapper.framework; name = Foundation.framework; path = System/Library/Frameworks/Foundation.framework; sourceTree = SDKROOT; };
		DDE482C6222587BB00E6E7F4 /* CoreGraphics.framework */ = {isa = PBXFileReference; lastKnownFileType = wrapper.framework; name = CoreGraphics.framework; path = System/Library/Frameworks/CoreGraphics.framework; sourceTree = SDKROOT; };
		DDE482C7222587CE00E6E7F4 /* CoreText.framework */ = {isa = PBXFileReference; lastKnownFileType = wrapper.framework; name = CoreText.framework; path = System/Library/Frameworks/CoreText.framework; sourceTree = SDKROOT; };
		DDE482C8222587F000E6E7F4 /* QuartzCore.framework */ = {isa = PBXFileReference; lastKnownFileType = wrapper.framework; name = QuartzCore.framework; path = System/Library/Frameworks/QuartzCore.framework; sourceTree = SDKROOT; };
		DF48B92B33C34ABD8BEDBD37 /* CDVContacts.h */ = {isa = PBXFileReference; explicitFileType = undefined; fileEncoding = 4; includeInIndex = 0; lastKnownFileType = sourcecode.c.h; name = CDVContacts.h; path = "cordova-plugin-contacts/CDVContacts.h"; sourceTree = "<group>"; };
		E22D0723E1BB41E484FDF4A8 /* CDVExif.h */ = {isa = PBXFileReference; explicitFileType = undefined; fileEncoding = 4; includeInIndex = 0; lastKnownFileType = sourcecode.c.h; name = CDVExif.h; path = "cordova-plugin-camera/CDVExif.h"; sourceTree = "<group>"; };
		E9507A1D0BEC4547A84E7BAF /* startApp.h */ = {isa = PBXFileReference; explicitFileType = undefined; fileEncoding = 4; includeInIndex = 0; lastKnownFileType = sourcecode.c.h; name = startApp.h; path = com.lampa.startapp/startApp.h; sourceTree = "<group>"; };
		EB87FDF31871DA8E0020F90C /* www */ = {isa = PBXFileReference; lastKnownFileType = folder; name = www; path = ../../www; sourceTree = "<group>"; };
		EB87FDF41871DAF40020F90C /* config.xml */ = {isa = PBXFileReference; lastKnownFileType = text.xml; name = config.xml; path = ../../config.xml; sourceTree = "<group>"; };
		EC1D581E08D14DC0A07D6C2D /* CDVWKWebViewEngine.h */ = {isa = PBXFileReference; explicitFileType = undefined; fileEncoding = 4; includeInIndex = 0; lastKnownFileType = sourcecode.c.h; name = CDVWKWebViewEngine.h; path = "cordova-plugin-ionic-webview/CDVWKWebViewEngine.h"; sourceTree = "<group>"; };
		ED33DF2A687741AEAF9F8254 /* Bridging-Header.h */ = {isa = PBXFileReference; fileEncoding = 4; lastKnownFileType = sourcecode.c.h; path = "Bridging-Header.h"; sourceTree = "<group>"; };
		EFCB88CEEB5C424091F62E49 /* CDVContact.h */ = {isa = PBXFileReference; explicitFileType = undefined; fileEncoding = 4; includeInIndex = 0; lastKnownFileType = sourcecode.c.h; name = CDVContact.h; path = "cordova-plugin-contacts/CDVContact.h"; sourceTree = "<group>"; };
		F36F82525D7A49B18B8F3683 /* CDVWKWebViewEngine.m */ = {isa = PBXFileReference; explicitFileType = undefined; fileEncoding = 4; includeInIndex = 0; lastKnownFileType = sourcecode.c.objc; name = CDVWKWebViewEngine.m; path = "cordova-plugin-ionic-webview/CDVWKWebViewEngine.m"; sourceTree = "<group>"; };
		F840E1F0165FE0F500CFE078 /* config.xml */ = {isa = PBXFileReference; lastKnownFileType = text.xml; name = config.xml; path = "货运物联/config.xml"; sourceTree = "<group>"; };
		FA2B68D81A9B4A68A3E09C1E /* CDVSplashScreen.m */ = {isa = PBXFileReference; explicitFileType = undefined; fileEncoding = 4; includeInIndex = 0; lastKnownFileType = sourcecode.c.objc; name = CDVSplashScreen.m; path = "cordova-plugin-splashscreen/CDVSplashScreen.m"; sourceTree = "<group>"; };
		FE3DD61DABBE46C9B5727897 /* CDVViewController+SplashScreen.h */ = {isa = PBXFileReference; explicitFileType = undefined; fileEncoding = 4; includeInIndex = 0; lastKnownFileType = sourcecode.c.h; name = "CDVViewController+SplashScreen.h"; path = "cordova-plugin-splashscreen/CDVViewController+SplashScreen.h"; sourceTree = "<group>"; };
/* End PBXFileReference section */

/* Begin PBXFrameworksBuildPhase section */
		1D60588F0D05DD3D006BFB54 /* Frameworks */ = {
			isa = PBXFrameworksBuildPhase;
			buildActionMask = 2147483647;
			files = (
				7E8E7670C4DB4ED68CF880FC /* CoreMotion.framework in Frameworks */,
				F9F13A8120034C2A8CEAA308 /* CFNetwork.framework in Frameworks */,
				301BF552109A68D80062928A /* libCordova.a in Frameworks */,
				1AEA11729B874275B48E5488 /* CoreTelephony.framework in Frameworks */,
				3B5216BF56DD4E28867E5CCA /* Security.framework in Frameworks */,
				23138C5DC8954F67ABEF6888 /* SystemConfiguration.framework in Frameworks */,
				DDE482C32225876A00E6E7F4 /* libz.tbd in Frameworks */,
				23536D5BFE244346A0DD619C /* libc++.tbd in Frameworks */,
				56E89CEF30AE45D398D2726A /* AlipaySDK.framework in Frameworks */,
				60B7F1AC85DB4040BED41AB8 /* ImageIO.framework in Frameworks */,
				1B42F3BF921E407580C868AD /* CoreLocation.framework in Frameworks */,
				0204D6872CCF446DAA667DE4 /* AVFoundation.framework in Frameworks */,
				546D319D666840988A04B6B8 /* AddressBook.framework in Frameworks */,
				81A18F52C84D43D7A204A705 /* AddressBookUI.framework in Frameworks */,
				B014C5C504874CA0ABF8BB2F /* WebKit.framework in Frameworks */,
			);
			runOnlyForDeploymentPostprocessing = 0;
		};
/* End PBXFrameworksBuildPhase section */

/* Begin PBXGroup section */
		080E96DDFE201D6D7F000001 /* Classes */ = {
			isa = PBXGroup;
			children = (
				302D95EE14D2391D003F00A1 /* MainViewController.h */,
				302D95EF14D2391D003F00A1 /* MainViewController.m */,
				302D95F014D2391D003F00A1 /* MainViewController.xib */,
				1D3623240D0F684500981E51 /* AppDelegate.h */,
				1D3623250D0F684500981E51 /* AppDelegate.m */,
			);
			name = Classes;
			path = "货运物联/Classes";
			sourceTree = SOURCE_ROOT;
		};
		19C28FACFE9D520D11CA2CBB /* Products */ = {
			isa = PBXGroup;
			children = (
				1D6058910D05DD3D006BFB54 /* 货运物联.app */,
			);
			name = Products;
			sourceTree = "<group>";
		};
		29B97314FDCFA39411CA2CEA /* CustomTemplate */ = {
			isa = PBXGroup;
			children = (
				EB87FDF41871DAF40020F90C /* config.xml */,
				EB87FDF31871DA8E0020F90C /* www */,
				EB87FDF11871DA420020F90C /* Staging */,
				301BF52D109A57CC0062928A /* CordovaLib/CordovaLib.xcodeproj */,
				080E96DDFE201D6D7F000001 /* Classes */,
				307C750510C5A3420062BCA9 /* Plugins */,
				29B97315FDCFA39411CA2CEA /* Other Sources */,
				29B97317FDCFA39411CA2CEA /* Resources */,
				29B97323FDCFA39411CA2CEA /* Frameworks */,
				19C28FACFE9D520D11CA2CBB /* Products */,
			);
			name = CustomTemplate;
			sourceTree = "<group>";
		};
		29B97315FDCFA39411CA2CEA /* Other Sources */ = {
			isa = PBXGroup;
			children = (
				32CA4F630368D1EE00C91783 /* 货运物联-Prefix.pch */,
				29B97316FDCFA39411CA2CEA /* main.m */,
				ED33DF2A687741AEAF9F8254 /* Bridging-Header.h */,
			);
			name = "Other Sources";
			path = "货运物联";
			sourceTree = "<group>";
		};
		29B97317FDCFA39411CA2CEA /* Resources */ = {
			isa = PBXGroup;
			children = (
				0207DA571B56EA530066E2B4 /* Images.xcassets */,
				3047A50E1AB8057F00498E2A /* config */,
				8D1107310486CEB800E47090 /* 货运物联-Info.plist */,
				6AFF5BF81D6E424B00AB3073 /* CDVLaunchScreen.storyboard */,
				5DC6D08F0F024C6DB29DC7EE /* AlipaySDK.bundle */,
			);
			name = Resources;
			path = "货运物联/Resources";
			sourceTree = "<group>";
		};
		29B97323FDCFA39411CA2CEA /* Frameworks */ = {
			isa = PBXGroup;
			children = (
				DDE482C8222587F000E6E7F4 /* QuartzCore.framework */,
				DDE482C7222587CE00E6E7F4 /* CoreText.framework */,
				DDE482C6222587BB00E6E7F4 /* CoreGraphics.framework */,
				DDE482C5222587A100E6E7F4 /* Foundation.framework */,
				DDE482C42225878000E6E7F4 /* UIKit.framework */,
				DDE482C22225876A00E6E7F4 /* libz.tbd */,
				B152BFF07C05439F8472948B /* CoreTelephony.framework */,
				5857C14CAF964DC58E86D85A /* Security.framework */,
				AE4D7F8B94C44A2B94A76875 /* SystemConfiguration.framework */,
				60CD9287FFF74FCDBE1DA4CD /* CoreMotion.framework */,
				11D5317E71274E929A6420D3 /* CFNetwork.framework */,
				6FADD97B80C047E39BA3A13A /* libc++.tbd */,
				D91C9AAB2D7049BFA670F3A9 /* AlipaySDK.framework */,
				922101EB0D5C4547AAFE3FF3 /* ImageIO.framework */,
				8E474199594A491282C0C24D /* CoreLocation.framework */,
				A5D34E182BD0429280CF6B6B /* AVFoundation.framework */,
				1E69B11CB0884843A1F38D6C /* AddressBook.framework */,
				31F6B0637A794D1FA68E09B3 /* AddressBookUI.framework */,
				B3429DD7E2D1441AA4DF94E7 /* WebKit.framework */,
			);
			name = Frameworks;
			sourceTree = "<group>";
		};
		301BF52E109A57CC0062928A /* Products */ = {
			isa = PBXGroup;
			children = (
				301BF535109A57CC0062928A /* libCordova.a */,
				DDE482C12225853400E6E7F4 /* Cordova.framework */,
			);
			name = Products;
			sourceTree = "<group>";
		};
		3047A50E1AB8057F00498E2A /* config */ = {
			isa = PBXGroup;
			children = (
				3047A50F1AB8059700498E2A /* build-debug.xcconfig */,
				3047A5101AB8059700498E2A /* build-release.xcconfig */,
				3047A5111AB8059700498E2A /* build.xcconfig */,
			);
			name = config;
			sourceTree = "<group>";
		};
		307C750510C5A3420062BCA9 /* Plugins */ = {
			isa = PBXGroup;
			children = (
				B51FE62B15E74771A9DAB195 /* startApp.m */,
				E9507A1D0BEC4547A84E7BAF /* startApp.h */,
				B0142A890F5D425CBE7FC1A5 /* alipay.m */,
				01A0DB8B9A974FA5A1B284B4 /* UIImage+CropScaleOrientation.m */,
				471976BC640D492DB861E4E5 /* CDVCamera.m */,
				CB400F91B7454344BFF85092 /* CDVJpegHeaderWriter.m */,
				9DAC2B2F52D7410A9EB7DA9D /* UIImage+CropScaleOrientation.h */,
				C823EFE8CE92449D8FCBD33D /* CDVCamera.h */,
				1D04A6CACC27469FB41B25C9 /* CDVJpegHeaderWriter.h */,
				E22D0723E1BB41E484FDF4A8 /* CDVExif.h */,
				741AF40CFE144AD38D19FDE5 /* CDVContacts.m */,
				72B6B82C91D9406C8E59C70B /* CDVContact.m */,
				DF48B92B33C34ABD8BEDBD37 /* CDVContacts.h */,
				EFCB88CEEB5C424091F62E49 /* CDVContact.h */,
				4619C4A633754FC1A8216652 /* CDVDevice.m */,
				B2FD300DE465405B9E6D832A /* CDVDevice.h */,
				0F6BF94B9C0441B7BD5BBBCE /* CDVLocation.m */,
				9235C3EE9C604A6B858B9F79 /* CDVLocation.h */,
				ACC8D9FDDA8541B48A33C364 /* CDVIonicKeyboard.m */,
				2E70307E3ACB44CB99680D4A /* CDVIonicKeyboard.h */,
				F36F82525D7A49B18B8F3683 /* CDVWKWebViewEngine.m */,
				A86E78DB5DBA49D09E3BD8CE /* CDVWKWebViewUIDelegate.m */,
				9027642046B84B67A78F258F /* CDVWKProcessPoolFactory.m */,
				DD8AC8B98A2546BBA8938024 /* IONAssetHandler.m */,
				EC1D581E08D14DC0A07D6C2D /* CDVWKWebViewEngine.h */,
				28FFCD2AA7524C16900DEABE /* CDVWKWebViewUIDelegate.h */,
				715B6DF8F5244C01A41EBF45 /* CDVWKProcessPoolFactory.h */,
				C7214C4505E5406495FB5EC2 /* IONAssetHandler.h */,
				86AFE964101F4AE78B3B61EE /* QRScanner.swift */,
				FA2B68D81A9B4A68A3E09C1E /* CDVSplashScreen.m */,
				ABDFA15597294CA9A251F843 /* CDVViewController+SplashScreen.m */,
				73913C56991E4C95B4D5B1C2 /* CDVSplashScreen.h */,
				FE3DD61DABBE46C9B5727897 /* CDVViewController+SplashScreen.h */,
				C51A384D0DFC44EA8F2D12F8 /* CDVStatusBar.m */,
				741117C600A14693B55DDBE5 /* CDVStatusBar.h */,
			);
			name = Plugins;
			path = "货运物联/Plugins";
			sourceTree = SOURCE_ROOT;
		};
		EB87FDF11871DA420020F90C /* Staging */ = {
			isa = PBXGroup;
			children = (
				F840E1F0165FE0F500CFE078 /* config.xml */,
				301BF56E109A69640062928A /* www */,
			);
			name = Staging;
			sourceTree = "<group>";
		};
/* End PBXGroup section */

/* Begin PBXNativeTarget section */
		1D6058900D05DD3D006BFB54 /* 货运物联 */ = {
			isa = PBXNativeTarget;
			buildConfigurationList = 1D6058960D05DD3E006BFB54 /* Build configuration list for PBXNativeTarget "货运物联" */;
			buildPhases = (
				304B58A110DAC018002A0835 /* Copy www directory */,
				1D60588D0D05DD3D006BFB54 /* Resources */,
				1D60588E0D05DD3D006BFB54 /* Sources */,
				1D60588F0D05DD3D006BFB54 /* Frameworks */,
			);
			buildRules = (
			);
			dependencies = (
				301BF551109A68C00062928A /* PBXTargetDependency */,
			);
			name = "货运物联";
			productName = "货运物联";
			productReference = 1D6058910D05DD3D006BFB54 /* 货运物联.app */;
			productType = "com.apple.product-type.application";
		};
/* End PBXNativeTarget section */

/* Begin PBXProject section */
		29B97313FDCFA39411CA2CEA /* Project object */ = {
			isa = PBXProject;
			attributes = {
				LastUpgradeCheck = 510;
				TargetAttributes = {
					1D6058900D05DD3D006BFB54 = {
						DevelopmentTeam = 77VF9QLAKZ;
						ProvisioningStyle = Automatic;
					};
				};
			};
			buildConfigurationList = C01FCF4E08A954540054247B /* Build configuration list for PBXProject "货运物联" */;
			compatibilityVersion = "Xcode 3.2";
			developmentRegion = English;
			hasScannedForEncodings = 1;
			knownRegions = (
				en,
			);
			mainGroup = 29B97314FDCFA39411CA2CEA /* CustomTemplate */;
			projectDirPath = "";
			projectReferences = (
				{
					ProductGroup = 301BF52E109A57CC0062928A /* Products */;
					ProjectRef = 301BF52D109A57CC0062928A /* CordovaLib/CordovaLib.xcodeproj */;
				},
			);
			projectRoot = "";
			targets = (
				1D6058900D05DD3D006BFB54 /* 货运物联 */,
			);
		};
/* End PBXProject section */

/* Begin PBXReferenceProxy section */
		301BF535109A57CC0062928A /* libCordova.a */ = {
			isa = PBXReferenceProxy;
			fileType = archive.ar;
			path = libCordova.a;
			remoteRef = 301BF534109A57CC0062928A /* PBXContainerItemProxy */;
			sourceTree = BUILT_PRODUCTS_DIR;
		};
		DDE482C12225853400E6E7F4 /* Cordova.framework */ = {
			isa = PBXReferenceProxy;
			fileType = wrapper.framework;
			path = Cordova.framework;
			remoteRef = DDE482C02225853400E6E7F4 /* PBXContainerItemProxy */;
			sourceTree = BUILT_PRODUCTS_DIR;
		};
/* End PBXReferenceProxy section */

/* Begin PBXResourcesBuildPhase section */
		1D60588D0D05DD3D006BFB54 /* Resources */ = {
			isa = PBXResourcesBuildPhase;
			buildActionMask = 2147483647;
			files = (
				302D95F214D2391D003F00A1 /* MainViewController.xib in Resources */,
				0207DA581B56EA530066E2B4 /* Images.xcassets in Resources */,
				6AFF5BF91D6E424B00AB3073 /* CDVLaunchScreen.storyboard in Resources */,
				A1C325CD9AAF4D7DA92CDE74 /* AlipaySDK.bundle in Resources */,
			);
			runOnlyForDeploymentPostprocessing = 0;
		};
/* End PBXResourcesBuildPhase section */

/* Begin PBXShellScriptBuildPhase section */
		304B58A110DAC018002A0835 /* Copy www directory */ = {
			isa = PBXShellScriptBuildPhase;
			buildActionMask = 2147483647;
			files = (
			);
			inputPaths = (
			);
			name = "Copy www directory";
			outputPaths = (
			);
			runOnlyForDeploymentPostprocessing = 0;
			shellPath = /bin/sh;
			shellScript = "NODEJS_PATH=/usr/local/bin; NVM_NODE_PATH=~/.nvm/versions/node/`nvm version 2>/dev/null`/bin; N_NODE_PATH=`find /usr/local/n/versions/node/* -maxdepth 0 -type d 2>/dev/null | tail -1`/bin; XCODE_NODE_PATH=`xcode-select --print-path`/usr/share/xcs/Node/bin; PATH=$NODEJS_PATH:$NVM_NODE_PATH:$N_NODE_PATH:$XCODE_NODE_PATH:$PATH && node cordova/lib/copy-www-build-step.js";
			showEnvVarsInLog = 0;
		};
/* End PBXShellScriptBuildPhase section */

/* Begin PBXSourcesBuildPhase section */
		1D60588E0D05DD3D006BFB54 /* Sources */ = {
			isa = PBXSourcesBuildPhase;
			buildActionMask = 2147483647;
			files = (
				1D60589B0D05DD56006BFB54 /* main.m in Sources */,
				1D3623260D0F684500981E51 /* AppDelegate.m in Sources */,
				302D95F114D2391D003F00A1 /* MainViewController.m in Sources */,
				144B9AD48BC644C4B9F2CF5D /* startApp.m in Sources */,
				7D9840B13A2346F1B8666F08 /* alipay.m in Sources */,
				F921843AF2E1426BA271EF15 /* UIImage+CropScaleOrientation.m in Sources */,
				19345389F4074C019F364687 /* CDVCamera.m in Sources */,
				5511C6C73E494516AFB9D866 /* CDVJpegHeaderWriter.m in Sources */,
				C1C5DEDE8CC245A9941EE191 /* CDVContacts.m in Sources */,
				249FB0A5864D450EBCE55852 /* CDVContact.m in Sources */,
				9F6BB711D6AC42B1A054FA10 /* CDVDevice.m in Sources */,
				549B5C7B4D3A4FFEB5D32963 /* CDVLocation.m in Sources */,
				8D19E75531984C2899CAD9A6 /* CDVIonicKeyboard.m in Sources */,
				56B732D54B094D909D84CBE3 /* CDVWKWebViewEngine.m in Sources */,
				C502EAA6A430405E9153C8EC /* CDVWKWebViewUIDelegate.m in Sources */,
				9FD849189B5743FA9F79CE2B /* CDVWKProcessPoolFactory.m in Sources */,
				0E467C4767344244BCF478FC /* IONAssetHandler.m in Sources */,
				DA60618570864986A87DB110 /* QRScanner.swift in Sources */,
				7E008825C92B40FCAEAB9F62 /* CDVSplashScreen.m in Sources */,
				2F7C947BB8F0417491CA5283 /* CDVViewController+SplashScreen.m in Sources */,
				90A4A8E497D44CCE97FD0A70 /* CDVStatusBar.m in Sources */,
			);
			runOnlyForDeploymentPostprocessing = 0;
		};
/* End PBXSourcesBuildPhase section */

/* Begin PBXTargetDependency section */
		301BF551109A68C00062928A /* PBXTargetDependency */ = {
			isa = PBXTargetDependency;
			name = CordovaLib;
			targetProxy = 301BF550109A68C00062928A /* PBXContainerItemProxy */;
		};
/* End PBXTargetDependency section */

/* Begin XCBuildConfiguration section */
		1D6058940D05DD3E006BFB54 /* Debug */ = {
			isa = XCBuildConfiguration;
			baseConfigurationReference = 3047A50F1AB8059700498E2A /* build-debug.xcconfig */;
			buildSettings = {
				ALWAYS_EMBED_SWIFT_STANDARD_LIBRARIES = YES;
				ALWAYS_SEARCH_USER_PATHS = NO;
				ASSETCATALOG_COMPILER_APPICON_NAME = AppIcon;
				ASSETCATALOG_COMPILER_LAUNCHIMAGE_NAME = LaunchImage;
				CLANG_ENABLE_MODULES = YES;
				CLANG_ENABLE_OBJC_ARC = YES;
				"CODE_SIGN_IDENTITY[sdk=iphoneos*]" = "iPhone Developer";
				CODE_SIGN_STYLE = Automatic;
				COPY_PHASE_STRIP = NO;
				DEVELOPMENT_TEAM = 77VF9QLAKZ;
				FRAMEWORK_SEARCH_PATHS = (
					"$(inherited)",
					"\"货运物联/Plugins/cordova-plugin-alipay\"",
				);
				GCC_DYNAMIC_NO_PIC = NO;
				GCC_OPTIMIZATION_LEVEL = 0;
				GCC_PRECOMPILE_PREFIX_HEADER = YES;
				GCC_PREFIX_HEADER = "货运物联/货运物联-Prefix.pch";
				GCC_THUMB_SUPPORT = NO;
				GCC_VERSION = "";
				INFOPLIST_FILE = "货运物联/货运物联-Info.plist";
				IPHONEOS_DEPLOYMENT_TARGET = 11.0;
				LD_RUNPATH_SEARCH_PATHS = "@executable_path/Frameworks";
				PRODUCT_NAME = "货运物联";
				PROVISIONING_PROFILE_SPECIFIER = "";
				SWIFT_OBJC_BRIDGING_HEADER = "$(PROJECT_DIR)/$(PROJECT_NAME)/Bridging-Header.h";
				SWIFT_OPTIMIZATION_LEVEL = "-Onone";
				SWIFT_VERSION = 3.0;
				TARGETED_DEVICE_FAMILY = "1,2";
			};
			name = Debug;
		};
		1D6058950D05DD3E006BFB54 /* Release */ = {
			isa = XCBuildConfiguration;
			baseConfigurationReference = 3047A5101AB8059700498E2A /* build-release.xcconfig */;
			buildSettings = {
				ALWAYS_EMBED_SWIFT_STANDARD_LIBRARIES = YES;
				ALWAYS_SEARCH_USER_PATHS = NO;
				ASSETCATALOG_COMPILER_APPICON_NAME = AppIcon;
				ASSETCATALOG_COMPILER_LAUNCHIMAGE_NAME = LaunchImage;
				CLANG_ENABLE_MODULES = YES;
				CLANG_ENABLE_OBJC_ARC = YES;
				"CODE_SIGN_IDENTITY[sdk=iphoneos*]" = "iPhone Developer";
				CODE_SIGN_STYLE = Automatic;
				COPY_PHASE_STRIP = YES;
				DEVELOPMENT_TEAM = 77VF9QLAKZ;
				FRAMEWORK_SEARCH_PATHS = (
					"$(inherited)",
					"\"货运物联/Plugins/cordova-plugin-alipay\"",
				);
				GCC_PRECOMPILE_PREFIX_HEADER = YES;
				GCC_PREFIX_HEADER = "货运物联/货运物联-Prefix.pch";
				GCC_THUMB_SUPPORT = NO;
				GCC_VERSION = "";
				INFOPLIST_FILE = "货运物联/货运物联-Info.plist";
				IPHONEOS_DEPLOYMENT_TARGET = 11.0;
				LD_RUNPATH_SEARCH_PATHS = "@executable_path/Frameworks";
				PRODUCT_NAME = "货运物联";
				PROVISIONING_PROFILE_SPECIFIER = "";
				SWIFT_OBJC_BRIDGING_HEADER = "$(PROJECT_DIR)/$(PROJECT_NAME)/Bridging-Header.h";
				SWIFT_VERSION = 3.0;
				TARGETED_DEVICE_FAMILY = "1,2";
			};
			name = Release;
		};
		C01FCF4F08A954540054247B /* Debug */ = {
			isa = XCBuildConfiguration;
			baseConfigurationReference = 3047A5111AB8059700498E2A /* build.xcconfig */;
			buildSettings = {
				ALWAYS_EMBED_SWIFT_STANDARD_LIBRARIES = YES;
				CLANG_ENABLE_MODULES = YES;
				CLANG_ENABLE_OBJC_ARC = YES;
				CLANG_WARN_BOOL_CONVERSION = YES;
				CLANG_WARN_CONSTANT_CONVERSION = YES;
				CLANG_WARN_EMPTY_BODY = YES;
				CLANG_WARN_ENUM_CONVERSION = YES;
				CLANG_WARN_INT_CONVERSION = YES;
				CLANG_WARN__DUPLICATE_METHOD_MATCH = YES;
				GCC_C_LANGUAGE_STANDARD = c99;
				GCC_THUMB_SUPPORT = NO;
				GCC_VERSION = "";
				GCC_WARN_ABOUT_RETURN_TYPE = YES;
				GCC_WARN_UNDECLARED_SELECTOR = YES;
				GCC_WARN_UNINITIALIZED_AUTOS = YES;
				GCC_WARN_UNUSED_FUNCTION = YES;
				GCC_WARN_UNUSED_VARIABLE = YES;
				IPHONEOS_DEPLOYMENT_TARGET = 11.0;
				ONLY_ACTIVE_ARCH = YES;
				SDKROOT = iphoneos;
				SKIP_INSTALL = NO;
				SWIFT_OBJC_BRIDGING_HEADER = "$(PROJECT_DIR)/$(PROJECT_NAME)/Bridging-Header.h";
				SWIFT_OPTIMIZATION_LEVEL = "-Onone";
				SWIFT_VERSION = 3.0;
			};
			name = Debug;
		};
		C01FCF5008A954540054247B /* Release */ = {
			isa = XCBuildConfiguration;
			baseConfigurationReference = 3047A5111AB8059700498E2A /* build.xcconfig */;
			buildSettings = {
				ALWAYS_EMBED_SWIFT_STANDARD_LIBRARIES = YES;
				CLANG_ENABLE_MODULES = YES;
				CLANG_ENABLE_OBJC_ARC = YES;
				CLANG_WARN_BOOL_CONVERSION = YES;
				CLANG_WARN_CONSTANT_CONVERSION = YES;
				CLANG_WARN_EMPTY_BODY = YES;
				CLANG_WARN_ENUM_CONVERSION = YES;
				CLANG_WARN_INT_CONVERSION = YES;
				CLANG_WARN__DUPLICATE_METHOD_MATCH = YES;
				GCC_C_LANGUAGE_STANDARD = c99;
				GCC_THUMB_SUPPORT = NO;
				GCC_VERSION = "";
				GCC_WARN_ABOUT_RETURN_TYPE = YES;
				GCC_WARN_UNDECLARED_SELECTOR = YES;
				GCC_WARN_UNINITIALIZED_AUTOS = YES;
				GCC_WARN_UNUSED_FUNCTION = YES;
				GCC_WARN_UNUSED_VARIABLE = YES;
				IPHONEOS_DEPLOYMENT_TARGET = 11.0;
				SDKROOT = iphoneos;
				SKIP_INSTALL = NO;
				SWIFT_OBJC_BRIDGING_HEADER = "$(PROJECT_DIR)/$(PROJECT_NAME)/Bridging-Header.h";
				SWIFT_VERSION = 3.0;
			};
			name = Release;
		};
/* End XCBuildConfiguration section */

/* Begin XCConfigurationList section */
		1D6058960D05DD3E006BFB54 /* Build configuration list for PBXNativeTarget "货运物联" */ = {
			isa = XCConfigurationList;
			buildConfigurations = (
				1D6058940D05DD3E006BFB54 /* Debug */,
				1D6058950D05DD3E006BFB54 /* Release */,
			);
			defaultConfigurationIsVisible = 0;
			defaultConfigurationName = Release;
		};
		C01FCF4E08A954540054247B /* Build configuration list for PBXProject "货运物联" */ = {
			isa = XCConfigurationList;
			buildConfigurations = (
				C01FCF4F08A954540054247B /* Debug */,
				C01FCF5008A954540054247B /* Release */,
			);
			defaultConfigurationIsVisible = 0;
			defaultConfigurationName = Release;
		};
/* End XCConfigurationList section */
	};
	rootObject = 29B97313FDCFA39411CA2CEA /* Project object */;
}
